
Microsoft Visual Studio Solution File, Format Version 12.00
# Visual Studio 14
VisualStudioVersion = 14.0.24720.0
MinimumVisualStudioVersion = 10.0.40219.1
Project("{8BC9CEB8-8B4A-11D0-8D11-00A0C91BC942}") = "Algorithms", "Algorithms\Algorithms.vcxproj", "{A4E7423C-83D0-42DF-A743-78CD0FD228B2}"
EndProject
Project("{2150E333-8FDC-42A3-9474-1A3956D46DE8}") = "Practice", "Practice", "{7762D037-F4F0-4093-B195-C74891D62A77}"
EndProject
Project("{2150E333-8FDC-42A3-9474-1A3956D46DE8}") = "LinkedList", "LinkedList", "{97BFCC63-AA5F-496C-B6DF-D969CBF73D35}"
EndProject
Project("{FAE04EC0-301F-11D3-BF4B-00C04F79EFBC}") = "LinkedListPractice", "LinkedListPractice\LinkedListPractice.csproj", "{23855323-2B5A-412D-8E0D-CA73F4679350}"
EndProject
Global
	GlobalSection(SolutionConfigurationPlatforms) = preSolution
		Debug|Any CPU = Debug|Any CPU
		Debug|Win32 = Debug|Win32
		Release|Any CPU = Release|Any CPU
		Release|Win32 = Release|Win32
	EndGlobalSection
	GlobalSection(ProjectConfigurationPlatforms) = postSolution
		{A4E7423C-83D0-42DF-A743-78CD0FD228B2}.Debug|Any CPU.ActiveCfg = Debug|Win32
		{A4E7423C-83D0-42DF-A743-78CD0FD228B2}.Debug|Win32.ActiveCfg = Debug|Win32
		{A4E7423C-83D0-42DF-A743-78CD0FD228B2}.Debug|Win32.Build.0 = Debug|Win32
		{A4E7423C-83D0-42DF-A743-78CD0FD228B2}.Release|Any CPU.ActiveCfg = Release|Win32
		{A4E7423C-83D0-42DF-A743-78CD0FD228B2}.Release|Win32.ActiveCfg = Release|Win32
		{A4E7423C-83D0-42DF-A743-78CD0FD228B2}.Release|Win32.Build.0 = Release|Win32
		{23855323-2B5A-412D-8E0D-CA73F4679350}.Debug|Any CPU.ActiveCfg = Debug|Any CPU
		{23855323-2B5A-412D-8E0D-CA73F4679350}.Debug|Any CPU.Build.0 = Debug|Any CPU
		{23855323-2B5A-412D-8E0D-CA73F4679350}.Debug|Win32.ActiveCfg = Debug|Any CPU
		{23855323-2B5A-412D-8E0D-CA73F4679350}.Debug|Win32.Build.0 = Debug|Any CPU
		{23855323-2B5A-412D-8E0D-CA73F4679350}.Release|Any CPU.ActiveCfg = Release|Any CPU
		{23855323-2B5A-412D-8E0D-CA73F4679350}.Release|Any CPU.Build.0 = Release|Any CPU
		{23855323-2B5A-412D-8E0D-CA73F4679350}.Release|Win32.ActiveCfg = Release|Any CPU
		{23855323-2B5A-412D-8E0D-CA73F4679350}.Release|Win32.Build.0 = Release|Any CPU
	EndGlobalSection
	GlobalSection(SolutionProperties) = preSolution
		HideSolutionNode = FALSE
	EndGlobalSection
	GlobalSection(NestedProjects) = preSolution
		{97BFCC63-AA5F-496C-B6DF-D969CBF73D35} = {7762D037-F4F0-4093-B195-C74891D62A77}
		{23855323-2B5A-412D-8E0D-CA73F4679350} = {97BFCC63-AA5F-496C-B6DF-D969CBF73D35}
	EndGlobalSection
EndGlobal
