
Microsoft Visual Studio Solution File, Format Version 12.00
# Visual Studio 14
VisualStudioVersion = 14.0.25420.1
MinimumVisualStudioVersion = 10.0.40219.1
Project("{8BC9CEB8-8B4A-11D0-8D11-00A0C91BC942}") = "Buglife", "Buglife\Buglife.vcxproj", "{E7ACB87E-854D-4727-B0D1-6B57CD83BF38}"
EndProject
Project("{8BC9CEB8-8B4A-11D0-8D11-00A0C91BC942}") = "Maketree", "Maketree\Maketree.vcxproj", "{35B1E8B1-6DE5-4651-BA43-EAD52EBE7CC0}"
EndProject
Project("{8BC9CEB8-8B4A-11D0-8D11-00A0C91BC942}") = "Toposort", "Toposort\Toposort.vcxproj", "{A2E552EB-A02B-4E14-AD53-60125677F213}"
EndProject
Project("{8BC9CEB8-8B4A-11D0-8D11-00A0C91BC942}") = "Herding", "Herding\Herding.vcxproj", "{5A830D27-89C2-4A3F-B025-B9EA6B4D00C1}"
EndProject
Project("{8BC9CEB8-8B4A-11D0-8D11-00A0C91BC942}") = "MinimumKnightMoves", "MinimumKnightMoves\MinimumKnightMoves.vcxproj", "{3E643F7C-B657-47A6-BBA8-421FD07EAC85}"
EndProject
Project("{2150E333-8FDC-42A3-9474-1A3956D46DE8}") = "Bfs", "Bfs", "{3F4A39C1-81DA-43B8-877B-E3112C7F379D}"
EndProject
Project("{2150E333-8FDC-42A3-9474-1A3956D46DE8}") = "Dfs", "Dfs", "{B34234A2-A04F-42C1-A06B-2EC30287F98F}"
EndProject
Project("{8BC9CEB8-8B4A-11D0-8D11-00A0C91BC942}") = "Labyrinth", "Labyrinth\Labyrinth.vcxproj", "{11BCD3FA-A8A0-49F6-ADA2-A6421AD983C1}"
EndProject
Project("{2150E333-8FDC-42A3-9474-1A3956D46DE8}") = "LongestPath", "LongestPath", "{C203501B-7BEF-4A8B-929D-254B7D4C7F81}"
EndProject
Project("{8BC9CEB8-8B4A-11D0-8D11-00A0C91BC942}") = "LongestPathInTree", "LongestPathInTree\LongestPathInTree.vcxproj", "{B777AFB9-3FAD-4542-84A3-4FF24C3C699E}"
EndProject
Project("{8BC9CEB8-8B4A-11D0-8D11-00A0C91BC942}") = "Benefactor", "Benefactor\Benefactor.vcxproj", "{6A2977BB-0B2A-4101-81B4-8013603C4FB2}"
EndProject
Project("{2150E333-8FDC-42A3-9474-1A3956D46DE8}") = "ShortestPaths", "ShortestPaths", "{46701328-5CB2-46F6-8AB0-179892734F8B}"
EndProject
Project("{8BC9CEB8-8B4A-11D0-8D11-00A0C91BC942}") = "TravellingCost", "TravellingCost\TravellingCost.vcxproj", "{8F5D4C86-D424-406D-9123-4A05AA51F08B}"
EndProject
Project("{8BC9CEB8-8B4A-11D0-8D11-00A0C91BC942}") = "MiceMaze", "MiceMaze\MiceMaze.vcxproj", "{B8493EA2-BCE8-4F91-BC93-483EC029CBE0}"
EndProject
Project("{8BC9CEB8-8B4A-11D0-8D11-00A0C91BC942}") = "Highways", "Highways\Highways.vcxproj", "{82FDF432-E42A-4185-A70B-F746AC502303}"
EndProject
Project("{8BC9CEB8-8B4A-11D0-8D11-00A0C91BC942}") = "ABriefExpedition", "ABriefExpedition\ABriefExpedition.vcxproj", "{617E598C-5F72-4D16-A8E6-D016FED07ED0}"
EndProject
Project("{8BC9CEB8-8B4A-11D0-8D11-00A0C91BC942}") = "Sheep", "Sheep\Sheep.vcxproj", "{FD12E9F4-262C-4351-90D4-D002B86DC5A8}"
EndProject
Project("{8BC9CEB8-8B4A-11D0-8D11-00A0C91BC942}") = "LaserPhones", "LaserPhones\LaserPhones.vcxproj", "{5F1AD204-E704-4C55-8D06-31DC7B296DEF}"
EndProject
Project("{2150E333-8FDC-42A3-9474-1A3956D46DE8}") = "FloodFill", "FloodFill", "{9E1F3A16-66B0-4483-8966-4A7FF5B8B1B4}"
EndProject
Project("{8BC9CEB8-8B4A-11D0-8D11-00A0C91BC942}") = "Slick", "Slick\Slick.vcxproj", "{DB23C8B3-6D2A-4AAC-B40A-77393724FA6C}"
EndProject
Project("{8BC9CEB8-8B4A-11D0-8D11-00A0C91BC942}") = "Salman", "Salman\Salman.vcxproj", "{9882C64A-0EF8-4407-9DBF-7B544F4B1AF7}"
EndProject
Project("{8BC9CEB8-8B4A-11D0-8D11-00A0C91BC942}") = "IsItATree", "IsItATree\IsItATree.vcxproj", "{F451F54C-46E4-408B-97BE-976D7BE183DE}"
EndProject
Project("{8BC9CEB8-8B4A-11D0-8D11-00A0C91BC942}") = "CatsAndMouse", "CatsAndMouse\CatsAndMouse.vcxproj", "{B8465D56-7076-415F-84FA-29C16FAD1D92}"
EndProject
Project("{8BC9CEB8-8B4A-11D0-8D11-00A0C91BC942}") = "Roger and tree", "Roger and tree\Roger and tree.vcxproj", "{9D256729-4EC1-4475-ACAD-11A573165FD2}"
EndProject
Project("{8BC9CEB8-8B4A-11D0-8D11-00A0C91BC942}") = "Lastshot", "Lastshot\Lastshot.vcxproj", "{808E5A62-7BB7-4B8C-927B-C7324C1E3D8B}"
EndProject
Project("{8BC9CEB8-8B4A-11D0-8D11-00A0C91BC942}") = "Elevator Trouble", "Elevator Trouble\Elevator Trouble.vcxproj", "{23D89D60-E021-4BB3-88F6-4A9EC72D9D3C}"
EndProject
Project("{8BC9CEB8-8B4A-11D0-8D11-00A0C91BC942}") = "TheShortestPath", "TheShortestPath\TheShortestPath.vcxproj", "{7056CFFD-40EF-40AB-BE41-B8E057C42E5F}"
EndProject
Project("{8BC9CEB8-8B4A-11D0-8D11-00A0C91BC942}") = "TrafficNetwork", "TrafficNetwork\TrafficNetwork.vcxproj", "{142E7FE1-3BDA-4B61-9D2F-01DF20175C90}"
EndProject
Project("{8BC9CEB8-8B4A-11D0-8D11-00A0C91BC942}") = "George", "George\George.vcxproj", "{1F761492-750D-45EE-9C01-4AFA5EC406DF}"
EndProject
Project("{8BC9CEB8-8B4A-11D0-8D11-00A0C91BC942}") = "Paradox", "Paradox\Paradox.vcxproj", "{E5280A50-3C14-4505-99EB-BCB73CD2C45D}"
EndProject
Project("{8BC9CEB8-8B4A-11D0-8D11-00A0C91BC942}") = "PouringWater", "PouringWater\PouringWater.vcxproj", "{642E9D6D-539B-4883-9919-C84C452C8690}"
EndProject
Project("{8BC9CEB8-8B4A-11D0-8D11-00A0C91BC942}") = "TimeToLive", "TimeToLive\TimeToLive.vcxproj", "{8CA3B46C-B552-49BF-AC07-1350D3E95FE3}"
EndProject
Project("{2150E333-8FDC-42A3-9474-1A3956D46DE8}") = "TopologicalSort", "TopologicalSort", "{3A746205-E1B7-400B-989F-EAF8732AB0DC}"
EndProject
Project("{8BC9CEB8-8B4A-11D0-8D11-00A0C91BC942}") = "Depend", "Depend\Depend.vcxproj", "{A12518EB-79B9-481F-AD68-BBE675584AEC}"
EndProject
Project("{8BC9CEB8-8B4A-11D0-8D11-00A0C91BC942}") = "ProjectFileDependencies", "ProjectFileDependencies\ProjectFileDependencies.vcxproj", "{7B13DB2E-5772-44DF-8E49-3844B71086EB}"
EndProject
Project("{2150E333-8FDC-42A3-9474-1A3956D46DE8}") = "Dfs", "Dfs", "{4B412783-490F-44EA-99CB-4DA380F751AA}"
EndProject
Project("{2150E333-8FDC-42A3-9474-1A3956D46DE8}") = "Kahn's Algorithm", "Kahn's Algorithm", "{229C889B-F5A6-4F1B-B203-A7D0CCE19F97}"
EndProject
Project("{2150E333-8FDC-42A3-9474-1A3956D46DE8}") = "Scc", "Scc", "{45C9A315-55A3-4FBF-89CE-27438A9BE9B6}"
EndProject
Project("{8BC9CEB8-8B4A-11D0-8D11-00A0C91BC942}") = "Capital City", "Capital City\Capital City.vcxproj", "{8D7A6FC6-51DC-48A4-BB4E-F7FA6479110B}"
EndProject
Project("{8BC9CEB8-8B4A-11D0-8D11-00A0C91BC942}") = "Web islands", "Web islands\Web islands.vcxproj", "{DA9DD4F9-B4F8-4078-97F4-BB6AF896B897}"
EndProject
Project("{2150E333-8FDC-42A3-9474-1A3956D46DE8}") = "Floyd Warshall", "Floyd Warshall", "{04E1EFF8-BA91-4D1D-807F-00D033D529E8}"
EndProject
Project("{2150E333-8FDC-42A3-9474-1A3956D46DE8}") = "Dijsktra", "Dijsktra", "{F4A85EB1-2E90-45D0-8C98-E5D21659B308}"
EndProject
Project("{8BC9CEB8-8B4A-11D0-8D11-00A0C91BC942}") = "Arbitrage", "Arbitrage\Arbitrage.vcxproj", "{02365C79-1E7A-48B9-9D64-7A2804B07395}"
EndProject
Global
	GlobalSection(SolutionConfigurationPlatforms) = preSolution
		Debug|Any CPU = Debug|Any CPU
		Debug|x64 = Debug|x64
		Debug|x86 = Debug|x86
		Release|Any CPU = Release|Any CPU
		Release|x64 = Release|x64
		Release|x86 = Release|x86
	EndGlobalSection
	GlobalSection(ProjectConfigurationPlatforms) = postSolution
		{E7ACB87E-854D-4727-B0D1-6B57CD83BF38}.Debug|Any CPU.ActiveCfg = Debug|Win32
		{E7ACB87E-854D-4727-B0D1-6B57CD83BF38}.Debug|x64.ActiveCfg = Debug|x64
		{E7ACB87E-854D-4727-B0D1-6B57CD83BF38}.Debug|x64.Build.0 = Debug|x64
		{E7ACB87E-854D-4727-B0D1-6B57CD83BF38}.Debug|x86.ActiveCfg = Debug|Win32
		{E7ACB87E-854D-4727-B0D1-6B57CD83BF38}.Debug|x86.Build.0 = Debug|Win32
		{E7ACB87E-854D-4727-B0D1-6B57CD83BF38}.Release|Any CPU.ActiveCfg = Release|Win32
		{E7ACB87E-854D-4727-B0D1-6B57CD83BF38}.Release|x64.ActiveCfg = Release|x64
		{E7ACB87E-854D-4727-B0D1-6B57CD83BF38}.Release|x64.Build.0 = Release|x64
		{E7ACB87E-854D-4727-B0D1-6B57CD83BF38}.Release|x86.ActiveCfg = Release|Win32
		{E7ACB87E-854D-4727-B0D1-6B57CD83BF38}.Release|x86.Build.0 = Release|Win32
		{35B1E8B1-6DE5-4651-BA43-EAD52EBE7CC0}.Debug|Any CPU.ActiveCfg = Debug|Win32
		{35B1E8B1-6DE5-4651-BA43-EAD52EBE7CC0}.Debug|x64.ActiveCfg = Debug|x64
		{35B1E8B1-6DE5-4651-BA43-EAD52EBE7CC0}.Debug|x64.Build.0 = Debug|x64
		{35B1E8B1-6DE5-4651-BA43-EAD52EBE7CC0}.Debug|x86.ActiveCfg = Debug|Win32
		{35B1E8B1-6DE5-4651-BA43-EAD52EBE7CC0}.Debug|x86.Build.0 = Debug|Win32
		{35B1E8B1-6DE5-4651-BA43-EAD52EBE7CC0}.Release|Any CPU.ActiveCfg = Release|Win32
		{35B1E8B1-6DE5-4651-BA43-EAD52EBE7CC0}.Release|x64.ActiveCfg = Release|x64
		{35B1E8B1-6DE5-4651-BA43-EAD52EBE7CC0}.Release|x64.Build.0 = Release|x64
		{35B1E8B1-6DE5-4651-BA43-EAD52EBE7CC0}.Release|x86.ActiveCfg = Release|Win32
		{35B1E8B1-6DE5-4651-BA43-EAD52EBE7CC0}.Release|x86.Build.0 = Release|Win32
		{A2E552EB-A02B-4E14-AD53-60125677F213}.Debug|Any CPU.ActiveCfg = Debug|Win32
		{A2E552EB-A02B-4E14-AD53-60125677F213}.Debug|x64.ActiveCfg = Debug|x64
		{A2E552EB-A02B-4E14-AD53-60125677F213}.Debug|x64.Build.0 = Debug|x64
		{A2E552EB-A02B-4E14-AD53-60125677F213}.Debug|x86.ActiveCfg = Debug|Win32
		{A2E552EB-A02B-4E14-AD53-60125677F213}.Debug|x86.Build.0 = Debug|Win32
		{A2E552EB-A02B-4E14-AD53-60125677F213}.Release|Any CPU.ActiveCfg = Release|Win32
		{A2E552EB-A02B-4E14-AD53-60125677F213}.Release|x64.ActiveCfg = Release|x64
		{A2E552EB-A02B-4E14-AD53-60125677F213}.Release|x64.Build.0 = Release|x64
		{A2E552EB-A02B-4E14-AD53-60125677F213}.Release|x86.ActiveCfg = Release|Win32
		{A2E552EB-A02B-4E14-AD53-60125677F213}.Release|x86.Build.0 = Release|Win32
		{5A830D27-89C2-4A3F-B025-B9EA6B4D00C1}.Debug|Any CPU.ActiveCfg = Debug|Win32
		{5A830D27-89C2-4A3F-B025-B9EA6B4D00C1}.Debug|x64.ActiveCfg = Debug|x64
		{5A830D27-89C2-4A3F-B025-B9EA6B4D00C1}.Debug|x64.Build.0 = Debug|x64
		{5A830D27-89C2-4A3F-B025-B9EA6B4D00C1}.Debug|x86.ActiveCfg = Debug|Win32
		{5A830D27-89C2-4A3F-B025-B9EA6B4D00C1}.Debug|x86.Build.0 = Debug|Win32
		{5A830D27-89C2-4A3F-B025-B9EA6B4D00C1}.Release|Any CPU.ActiveCfg = Release|Win32
		{5A830D27-89C2-4A3F-B025-B9EA6B4D00C1}.Release|x64.ActiveCfg = Release|x64
		{5A830D27-89C2-4A3F-B025-B9EA6B4D00C1}.Release|x64.Build.0 = Release|x64
		{5A830D27-89C2-4A3F-B025-B9EA6B4D00C1}.Release|x86.ActiveCfg = Release|Win32
		{5A830D27-89C2-4A3F-B025-B9EA6B4D00C1}.Release|x86.Build.0 = Release|Win32
		{3E643F7C-B657-47A6-BBA8-421FD07EAC85}.Debug|Any CPU.ActiveCfg = Debug|Win32
		{3E643F7C-B657-47A6-BBA8-421FD07EAC85}.Debug|x64.ActiveCfg = Debug|x64
		{3E643F7C-B657-47A6-BBA8-421FD07EAC85}.Debug|x64.Build.0 = Debug|x64
		{3E643F7C-B657-47A6-BBA8-421FD07EAC85}.Debug|x86.ActiveCfg = Debug|Win32
		{3E643F7C-B657-47A6-BBA8-421FD07EAC85}.Debug|x86.Build.0 = Debug|Win32
		{3E643F7C-B657-47A6-BBA8-421FD07EAC85}.Release|Any CPU.ActiveCfg = Release|Win32
		{3E643F7C-B657-47A6-BBA8-421FD07EAC85}.Release|x64.ActiveCfg = Release|x64
		{3E643F7C-B657-47A6-BBA8-421FD07EAC85}.Release|x64.Build.0 = Release|x64
		{3E643F7C-B657-47A6-BBA8-421FD07EAC85}.Release|x86.ActiveCfg = Release|Win32
		{3E643F7C-B657-47A6-BBA8-421FD07EAC85}.Release|x86.Build.0 = Release|Win32
		{11BCD3FA-A8A0-49F6-ADA2-A6421AD983C1}.Debug|Any CPU.ActiveCfg = Debug|Win32
		{11BCD3FA-A8A0-49F6-ADA2-A6421AD983C1}.Debug|x64.ActiveCfg = Debug|x64
		{11BCD3FA-A8A0-49F6-ADA2-A6421AD983C1}.Debug|x64.Build.0 = Debug|x64
		{11BCD3FA-A8A0-49F6-ADA2-A6421AD983C1}.Debug|x86.ActiveCfg = Debug|Win32
		{11BCD3FA-A8A0-49F6-ADA2-A6421AD983C1}.Debug|x86.Build.0 = Debug|Win32
		{11BCD3FA-A8A0-49F6-ADA2-A6421AD983C1}.Release|Any CPU.ActiveCfg = Release|Win32
		{11BCD3FA-A8A0-49F6-ADA2-A6421AD983C1}.Release|x64.ActiveCfg = Release|x64
		{11BCD3FA-A8A0-49F6-ADA2-A6421AD983C1}.Release|x64.Build.0 = Release|x64
		{11BCD3FA-A8A0-49F6-ADA2-A6421AD983C1}.Release|x86.ActiveCfg = Release|Win32
		{11BCD3FA-A8A0-49F6-ADA2-A6421AD983C1}.Release|x86.Build.0 = Release|Win32
		{B777AFB9-3FAD-4542-84A3-4FF24C3C699E}.Debug|Any CPU.ActiveCfg = Debug|Win32
		{B777AFB9-3FAD-4542-84A3-4FF24C3C699E}.Debug|x64.ActiveCfg = Debug|x64
		{B777AFB9-3FAD-4542-84A3-4FF24C3C699E}.Debug|x64.Build.0 = Debug|x64
		{B777AFB9-3FAD-4542-84A3-4FF24C3C699E}.Debug|x86.ActiveCfg = Debug|Win32
		{B777AFB9-3FAD-4542-84A3-4FF24C3C699E}.Debug|x86.Build.0 = Debug|Win32
		{B777AFB9-3FAD-4542-84A3-4FF24C3C699E}.Release|Any CPU.ActiveCfg = Release|Win32
		{B777AFB9-3FAD-4542-84A3-4FF24C3C699E}.Release|x64.ActiveCfg = Release|x64
		{B777AFB9-3FAD-4542-84A3-4FF24C3C699E}.Release|x64.Build.0 = Release|x64
		{B777AFB9-3FAD-4542-84A3-4FF24C3C699E}.Release|x86.ActiveCfg = Release|Win32
		{B777AFB9-3FAD-4542-84A3-4FF24C3C699E}.Release|x86.Build.0 = Release|Win32
		{6A2977BB-0B2A-4101-81B4-8013603C4FB2}.Debug|Any CPU.ActiveCfg = Debug|Win32
		{6A2977BB-0B2A-4101-81B4-8013603C4FB2}.Debug|x64.ActiveCfg = Debug|x64
		{6A2977BB-0B2A-4101-81B4-8013603C4FB2}.Debug|x64.Build.0 = Debug|x64
		{6A2977BB-0B2A-4101-81B4-8013603C4FB2}.Debug|x86.ActiveCfg = Debug|Win32
		{6A2977BB-0B2A-4101-81B4-8013603C4FB2}.Debug|x86.Build.0 = Debug|Win32
		{6A2977BB-0B2A-4101-81B4-8013603C4FB2}.Release|Any CPU.ActiveCfg = Release|Win32
		{6A2977BB-0B2A-4101-81B4-8013603C4FB2}.Release|x64.ActiveCfg = Release|x64
		{6A2977BB-0B2A-4101-81B4-8013603C4FB2}.Release|x64.Build.0 = Release|x64
		{6A2977BB-0B2A-4101-81B4-8013603C4FB2}.Release|x86.ActiveCfg = Release|Win32
		{6A2977BB-0B2A-4101-81B4-8013603C4FB2}.Release|x86.Build.0 = Release|Win32
		{8F5D4C86-D424-406D-9123-4A05AA51F08B}.Debug|Any CPU.ActiveCfg = Debug|Win32
		{8F5D4C86-D424-406D-9123-4A05AA51F08B}.Debug|x64.ActiveCfg = Debug|x64
		{8F5D4C86-D424-406D-9123-4A05AA51F08B}.Debug|x64.Build.0 = Debug|x64
		{8F5D4C86-D424-406D-9123-4A05AA51F08B}.Debug|x86.ActiveCfg = Debug|Win32
		{8F5D4C86-D424-406D-9123-4A05AA51F08B}.Debug|x86.Build.0 = Debug|Win32
		{8F5D4C86-D424-406D-9123-4A05AA51F08B}.Release|Any CPU.ActiveCfg = Release|Win32
		{8F5D4C86-D424-406D-9123-4A05AA51F08B}.Release|x64.ActiveCfg = Release|x64
		{8F5D4C86-D424-406D-9123-4A05AA51F08B}.Release|x64.Build.0 = Release|x64
		{8F5D4C86-D424-406D-9123-4A05AA51F08B}.Release|x86.ActiveCfg = Release|Win32
		{8F5D4C86-D424-406D-9123-4A05AA51F08B}.Release|x86.Build.0 = Release|Win32
		{B8493EA2-BCE8-4F91-BC93-483EC029CBE0}.Debug|Any CPU.ActiveCfg = Debug|Win32
		{B8493EA2-BCE8-4F91-BC93-483EC029CBE0}.Debug|x64.ActiveCfg = Debug|x64
		{B8493EA2-BCE8-4F91-BC93-483EC029CBE0}.Debug|x64.Build.0 = Debug|x64
		{B8493EA2-BCE8-4F91-BC93-483EC029CBE0}.Debug|x86.ActiveCfg = Debug|Win32
		{B8493EA2-BCE8-4F91-BC93-483EC029CBE0}.Debug|x86.Build.0 = Debug|Win32
		{B8493EA2-BCE8-4F91-BC93-483EC029CBE0}.Release|Any CPU.ActiveCfg = Release|Win32
		{B8493EA2-BCE8-4F91-BC93-483EC029CBE0}.Release|x64.ActiveCfg = Release|x64
		{B8493EA2-BCE8-4F91-BC93-483EC029CBE0}.Release|x64.Build.0 = Release|x64
		{B8493EA2-BCE8-4F91-BC93-483EC029CBE0}.Release|x86.ActiveCfg = Release|Win32
		{B8493EA2-BCE8-4F91-BC93-483EC029CBE0}.Release|x86.Build.0 = Release|Win32
		{82FDF432-E42A-4185-A70B-F746AC502303}.Debug|Any CPU.ActiveCfg = Debug|Win32
		{82FDF432-E42A-4185-A70B-F746AC502303}.Debug|x64.ActiveCfg = Debug|x64
		{82FDF432-E42A-4185-A70B-F746AC502303}.Debug|x64.Build.0 = Debug|x64
		{82FDF432-E42A-4185-A70B-F746AC502303}.Debug|x86.ActiveCfg = Debug|Win32
		{82FDF432-E42A-4185-A70B-F746AC502303}.Debug|x86.Build.0 = Debug|Win32
		{82FDF432-E42A-4185-A70B-F746AC502303}.Release|Any CPU.ActiveCfg = Release|Win32
		{82FDF432-E42A-4185-A70B-F746AC502303}.Release|x64.ActiveCfg = Release|x64
		{82FDF432-E42A-4185-A70B-F746AC502303}.Release|x64.Build.0 = Release|x64
		{82FDF432-E42A-4185-A70B-F746AC502303}.Release|x86.ActiveCfg = Release|Win32
		{82FDF432-E42A-4185-A70B-F746AC502303}.Release|x86.Build.0 = Release|Win32
		{617E598C-5F72-4D16-A8E6-D016FED07ED0}.Debug|Any CPU.ActiveCfg = Debug|Win32
		{617E598C-5F72-4D16-A8E6-D016FED07ED0}.Debug|x64.ActiveCfg = Debug|x64
		{617E598C-5F72-4D16-A8E6-D016FED07ED0}.Debug|x64.Build.0 = Debug|x64
		{617E598C-5F72-4D16-A8E6-D016FED07ED0}.Debug|x86.ActiveCfg = Debug|Win32
		{617E598C-5F72-4D16-A8E6-D016FED07ED0}.Debug|x86.Build.0 = Debug|Win32
		{617E598C-5F72-4D16-A8E6-D016FED07ED0}.Release|Any CPU.ActiveCfg = Release|Win32
		{617E598C-5F72-4D16-A8E6-D016FED07ED0}.Release|x64.ActiveCfg = Release|x64
		{617E598C-5F72-4D16-A8E6-D016FED07ED0}.Release|x64.Build.0 = Release|x64
		{617E598C-5F72-4D16-A8E6-D016FED07ED0}.Release|x86.ActiveCfg = Release|Win32
		{617E598C-5F72-4D16-A8E6-D016FED07ED0}.Release|x86.Build.0 = Release|Win32
		{FD12E9F4-262C-4351-90D4-D002B86DC5A8}.Debug|Any CPU.ActiveCfg = Debug|Win32
		{FD12E9F4-262C-4351-90D4-D002B86DC5A8}.Debug|x64.ActiveCfg = Debug|x64
		{FD12E9F4-262C-4351-90D4-D002B86DC5A8}.Debug|x64.Build.0 = Debug|x64
		{FD12E9F4-262C-4351-90D4-D002B86DC5A8}.Debug|x86.ActiveCfg = Debug|Win32
		{FD12E9F4-262C-4351-90D4-D002B86DC5A8}.Debug|x86.Build.0 = Debug|Win32
		{FD12E9F4-262C-4351-90D4-D002B86DC5A8}.Release|Any CPU.ActiveCfg = Release|Win32
		{FD12E9F4-262C-4351-90D4-D002B86DC5A8}.Release|x64.ActiveCfg = Release|x64
		{FD12E9F4-262C-4351-90D4-D002B86DC5A8}.Release|x64.Build.0 = Release|x64
		{FD12E9F4-262C-4351-90D4-D002B86DC5A8}.Release|x86.ActiveCfg = Release|Win32
		{FD12E9F4-262C-4351-90D4-D002B86DC5A8}.Release|x86.Build.0 = Release|Win32
		{5F1AD204-E704-4C55-8D06-31DC7B296DEF}.Debug|Any CPU.ActiveCfg = Debug|Win32
		{5F1AD204-E704-4C55-8D06-31DC7B296DEF}.Debug|x64.ActiveCfg = Debug|x64
		{5F1AD204-E704-4C55-8D06-31DC7B296DEF}.Debug|x64.Build.0 = Debug|x64
		{5F1AD204-E704-4C55-8D06-31DC7B296DEF}.Debug|x86.ActiveCfg = Debug|Win32
		{5F1AD204-E704-4C55-8D06-31DC7B296DEF}.Debug|x86.Build.0 = Debug|Win32
		{5F1AD204-E704-4C55-8D06-31DC7B296DEF}.Release|Any CPU.ActiveCfg = Release|Win32
		{5F1AD204-E704-4C55-8D06-31DC7B296DEF}.Release|x64.ActiveCfg = Release|x64
		{5F1AD204-E704-4C55-8D06-31DC7B296DEF}.Release|x64.Build.0 = Release|x64
		{5F1AD204-E704-4C55-8D06-31DC7B296DEF}.Release|x86.ActiveCfg = Release|Win32
		{5F1AD204-E704-4C55-8D06-31DC7B296DEF}.Release|x86.Build.0 = Release|Win32
		{DB23C8B3-6D2A-4AAC-B40A-77393724FA6C}.Debug|Any CPU.ActiveCfg = Debug|Win32
		{DB23C8B3-6D2A-4AAC-B40A-77393724FA6C}.Debug|x64.ActiveCfg = Debug|x64
		{DB23C8B3-6D2A-4AAC-B40A-77393724FA6C}.Debug|x64.Build.0 = Debug|x64
		{DB23C8B3-6D2A-4AAC-B40A-77393724FA6C}.Debug|x86.ActiveCfg = Debug|Win32
		{DB23C8B3-6D2A-4AAC-B40A-77393724FA6C}.Debug|x86.Build.0 = Debug|Win32
		{DB23C8B3-6D2A-4AAC-B40A-77393724FA6C}.Release|Any CPU.ActiveCfg = Release|Win32
		{DB23C8B3-6D2A-4AAC-B40A-77393724FA6C}.Release|x64.ActiveCfg = Release|x64
		{DB23C8B3-6D2A-4AAC-B40A-77393724FA6C}.Release|x64.Build.0 = Release|x64
		{DB23C8B3-6D2A-4AAC-B40A-77393724FA6C}.Release|x86.ActiveCfg = Release|Win32
		{DB23C8B3-6D2A-4AAC-B40A-77393724FA6C}.Release|x86.Build.0 = Release|Win32
		{9882C64A-0EF8-4407-9DBF-7B544F4B1AF7}.Debug|Any CPU.ActiveCfg = Debug|Win32
		{9882C64A-0EF8-4407-9DBF-7B544F4B1AF7}.Debug|x64.ActiveCfg = Debug|x64
		{9882C64A-0EF8-4407-9DBF-7B544F4B1AF7}.Debug|x64.Build.0 = Debug|x64
		{9882C64A-0EF8-4407-9DBF-7B544F4B1AF7}.Debug|x86.ActiveCfg = Debug|Win32
		{9882C64A-0EF8-4407-9DBF-7B544F4B1AF7}.Debug|x86.Build.0 = Debug|Win32
		{9882C64A-0EF8-4407-9DBF-7B544F4B1AF7}.Release|Any CPU.ActiveCfg = Release|Win32
		{9882C64A-0EF8-4407-9DBF-7B544F4B1AF7}.Release|x64.ActiveCfg = Release|x64
		{9882C64A-0EF8-4407-9DBF-7B544F4B1AF7}.Release|x64.Build.0 = Release|x64
		{9882C64A-0EF8-4407-9DBF-7B544F4B1AF7}.Release|x86.ActiveCfg = Release|Win32
		{9882C64A-0EF8-4407-9DBF-7B544F4B1AF7}.Release|x86.Build.0 = Release|Win32
		{F451F54C-46E4-408B-97BE-976D7BE183DE}.Debug|Any CPU.ActiveCfg = Debug|Win32
		{F451F54C-46E4-408B-97BE-976D7BE183DE}.Debug|x64.ActiveCfg = Debug|x64
		{F451F54C-46E4-408B-97BE-976D7BE183DE}.Debug|x64.Build.0 = Debug|x64
		{F451F54C-46E4-408B-97BE-976D7BE183DE}.Debug|x86.ActiveCfg = Debug|Win32
		{F451F54C-46E4-408B-97BE-976D7BE183DE}.Debug|x86.Build.0 = Debug|Win32
		{F451F54C-46E4-408B-97BE-976D7BE183DE}.Release|Any CPU.ActiveCfg = Release|Win32
		{F451F54C-46E4-408B-97BE-976D7BE183DE}.Release|x64.ActiveCfg = Release|x64
		{F451F54C-46E4-408B-97BE-976D7BE183DE}.Release|x64.Build.0 = Release|x64
		{F451F54C-46E4-408B-97BE-976D7BE183DE}.Release|x86.ActiveCfg = Release|Win32
		{F451F54C-46E4-408B-97BE-976D7BE183DE}.Release|x86.Build.0 = Release|Win32
		{B8465D56-7076-415F-84FA-29C16FAD1D92}.Debug|Any CPU.ActiveCfg = Debug|Win32
		{B8465D56-7076-415F-84FA-29C16FAD1D92}.Debug|x64.ActiveCfg = Debug|x64
		{B8465D56-7076-415F-84FA-29C16FAD1D92}.Debug|x64.Build.0 = Debug|x64
		{B8465D56-7076-415F-84FA-29C16FAD1D92}.Debug|x86.ActiveCfg = Debug|Win32
		{B8465D56-7076-415F-84FA-29C16FAD1D92}.Debug|x86.Build.0 = Debug|Win32
		{B8465D56-7076-415F-84FA-29C16FAD1D92}.Release|Any CPU.ActiveCfg = Release|Win32
		{B8465D56-7076-415F-84FA-29C16FAD1D92}.Release|x64.ActiveCfg = Release|x64
		{B8465D56-7076-415F-84FA-29C16FAD1D92}.Release|x64.Build.0 = Release|x64
		{B8465D56-7076-415F-84FA-29C16FAD1D92}.Release|x86.ActiveCfg = Release|Win32
		{B8465D56-7076-415F-84FA-29C16FAD1D92}.Release|x86.Build.0 = Release|Win32
		{9D256729-4EC1-4475-ACAD-11A573165FD2}.Debug|Any CPU.ActiveCfg = Debug|Win32
		{9D256729-4EC1-4475-ACAD-11A573165FD2}.Debug|x64.ActiveCfg = Debug|x64
		{9D256729-4EC1-4475-ACAD-11A573165FD2}.Debug|x64.Build.0 = Debug|x64
		{9D256729-4EC1-4475-ACAD-11A573165FD2}.Debug|x86.ActiveCfg = Debug|Win32
		{9D256729-4EC1-4475-ACAD-11A573165FD2}.Debug|x86.Build.0 = Debug|Win32
		{9D256729-4EC1-4475-ACAD-11A573165FD2}.Release|Any CPU.ActiveCfg = Release|Win32
		{9D256729-4EC1-4475-ACAD-11A573165FD2}.Release|x64.ActiveCfg = Release|x64
		{9D256729-4EC1-4475-ACAD-11A573165FD2}.Release|x64.Build.0 = Release|x64
		{9D256729-4EC1-4475-ACAD-11A573165FD2}.Release|x86.ActiveCfg = Release|Win32
		{9D256729-4EC1-4475-ACAD-11A573165FD2}.Release|x86.Build.0 = Release|Win32
		{808E5A62-7BB7-4B8C-927B-C7324C1E3D8B}.Debug|Any CPU.ActiveCfg = Debug|Win32
		{808E5A62-7BB7-4B8C-927B-C7324C1E3D8B}.Debug|x64.ActiveCfg = Debug|x64
		{808E5A62-7BB7-4B8C-927B-C7324C1E3D8B}.Debug|x64.Build.0 = Debug|x64
		{808E5A62-7BB7-4B8C-927B-C7324C1E3D8B}.Debug|x86.ActiveCfg = Debug|Win32
		{808E5A62-7BB7-4B8C-927B-C7324C1E3D8B}.Debug|x86.Build.0 = Debug|Win32
		{808E5A62-7BB7-4B8C-927B-C7324C1E3D8B}.Release|Any CPU.ActiveCfg = Release|Win32
		{808E5A62-7BB7-4B8C-927B-C7324C1E3D8B}.Release|x64.ActiveCfg = Release|x64
		{808E5A62-7BB7-4B8C-927B-C7324C1E3D8B}.Release|x64.Build.0 = Release|x64
		{808E5A62-7BB7-4B8C-927B-C7324C1E3D8B}.Release|x86.ActiveCfg = Release|Win32
		{808E5A62-7BB7-4B8C-927B-C7324C1E3D8B}.Release|x86.Build.0 = Release|Win32
		{23D89D60-E021-4BB3-88F6-4A9EC72D9D3C}.Debug|Any CPU.ActiveCfg = Debug|Win32
		{23D89D60-E021-4BB3-88F6-4A9EC72D9D3C}.Debug|x64.ActiveCfg = Debug|x64
		{23D89D60-E021-4BB3-88F6-4A9EC72D9D3C}.Debug|x64.Build.0 = Debug|x64
		{23D89D60-E021-4BB3-88F6-4A9EC72D9D3C}.Debug|x86.ActiveCfg = Debug|Win32
		{23D89D60-E021-4BB3-88F6-4A9EC72D9D3C}.Debug|x86.Build.0 = Debug|Win32
		{23D89D60-E021-4BB3-88F6-4A9EC72D9D3C}.Release|Any CPU.ActiveCfg = Release|Win32
		{23D89D60-E021-4BB3-88F6-4A9EC72D9D3C}.Release|x64.ActiveCfg = Release|x64
		{23D89D60-E021-4BB3-88F6-4A9EC72D9D3C}.Release|x64.Build.0 = Release|x64
		{23D89D60-E021-4BB3-88F6-4A9EC72D9D3C}.Release|x86.ActiveCfg = Release|Win32
		{23D89D60-E021-4BB3-88F6-4A9EC72D9D3C}.Release|x86.Build.0 = Release|Win32
		{7056CFFD-40EF-40AB-BE41-B8E057C42E5F}.Debug|Any CPU.ActiveCfg = Debug|Win32
		{7056CFFD-40EF-40AB-BE41-B8E057C42E5F}.Debug|x64.ActiveCfg = Debug|x64
		{7056CFFD-40EF-40AB-BE41-B8E057C42E5F}.Debug|x64.Build.0 = Debug|x64
		{7056CFFD-40EF-40AB-BE41-B8E057C42E5F}.Debug|x86.ActiveCfg = Debug|Win32
		{7056CFFD-40EF-40AB-BE41-B8E057C42E5F}.Debug|x86.Build.0 = Debug|Win32
		{7056CFFD-40EF-40AB-BE41-B8E057C42E5F}.Release|Any CPU.ActiveCfg = Release|Win32
		{7056CFFD-40EF-40AB-BE41-B8E057C42E5F}.Release|x64.ActiveCfg = Release|x64
		{7056CFFD-40EF-40AB-BE41-B8E057C42E5F}.Release|x64.Build.0 = Release|x64
		{7056CFFD-40EF-40AB-BE41-B8E057C42E5F}.Release|x86.ActiveCfg = Release|Win32
		{7056CFFD-40EF-40AB-BE41-B8E057C42E5F}.Release|x86.Build.0 = Release|Win32
		{142E7FE1-3BDA-4B61-9D2F-01DF20175C90}.Debug|Any CPU.ActiveCfg = Debug|Win32
		{142E7FE1-3BDA-4B61-9D2F-01DF20175C90}.Debug|x64.ActiveCfg = Debug|x64
		{142E7FE1-3BDA-4B61-9D2F-01DF20175C90}.Debug|x64.Build.0 = Debug|x64
		{142E7FE1-3BDA-4B61-9D2F-01DF20175C90}.Debug|x86.ActiveCfg = Debug|Win32
		{142E7FE1-3BDA-4B61-9D2F-01DF20175C90}.Debug|x86.Build.0 = Debug|Win32
		{142E7FE1-3BDA-4B61-9D2F-01DF20175C90}.Release|Any CPU.ActiveCfg = Release|Win32
		{142E7FE1-3BDA-4B61-9D2F-01DF20175C90}.Release|x64.ActiveCfg = Release|x64
		{142E7FE1-3BDA-4B61-9D2F-01DF20175C90}.Release|x64.Build.0 = Release|x64
		{142E7FE1-3BDA-4B61-9D2F-01DF20175C90}.Release|x86.ActiveCfg = Release|Win32
		{142E7FE1-3BDA-4B61-9D2F-01DF20175C90}.Release|x86.Build.0 = Release|Win32
		{1F761492-750D-45EE-9C01-4AFA5EC406DF}.Debug|Any CPU.ActiveCfg = Debug|Win32
		{1F761492-750D-45EE-9C01-4AFA5EC406DF}.Debug|x64.ActiveCfg = Debug|x64
		{1F761492-750D-45EE-9C01-4AFA5EC406DF}.Debug|x64.Build.0 = Debug|x64
		{1F761492-750D-45EE-9C01-4AFA5EC406DF}.Debug|x86.ActiveCfg = Debug|Win32
		{1F761492-750D-45EE-9C01-4AFA5EC406DF}.Debug|x86.Build.0 = Debug|Win32
		{1F761492-750D-45EE-9C01-4AFA5EC406DF}.Release|Any CPU.ActiveCfg = Release|Win32
		{1F761492-750D-45EE-9C01-4AFA5EC406DF}.Release|x64.ActiveCfg = Release|x64
		{1F761492-750D-45EE-9C01-4AFA5EC406DF}.Release|x64.Build.0 = Release|x64
		{1F761492-750D-45EE-9C01-4AFA5EC406DF}.Release|x86.ActiveCfg = Release|Win32
		{1F761492-750D-45EE-9C01-4AFA5EC406DF}.Release|x86.Build.0 = Release|Win32
		{E5280A50-3C14-4505-99EB-BCB73CD2C45D}.Debug|Any CPU.ActiveCfg = Debug|Win32
		{E5280A50-3C14-4505-99EB-BCB73CD2C45D}.Debug|x64.ActiveCfg = Debug|x64
		{E5280A50-3C14-4505-99EB-BCB73CD2C45D}.Debug|x64.Build.0 = Debug|x64
		{E5280A50-3C14-4505-99EB-BCB73CD2C45D}.Debug|x86.ActiveCfg = Debug|Win32
		{E5280A50-3C14-4505-99EB-BCB73CD2C45D}.Debug|x86.Build.0 = Debug|Win32
		{E5280A50-3C14-4505-99EB-BCB73CD2C45D}.Release|Any CPU.ActiveCfg = Release|Win32
		{E5280A50-3C14-4505-99EB-BCB73CD2C45D}.Release|x64.ActiveCfg = Release|x64
		{E5280A50-3C14-4505-99EB-BCB73CD2C45D}.Release|x64.Build.0 = Release|x64
		{E5280A50-3C14-4505-99EB-BCB73CD2C45D}.Release|x86.ActiveCfg = Release|Win32
		{E5280A50-3C14-4505-99EB-BCB73CD2C45D}.Release|x86.Build.0 = Release|Win32
		{642E9D6D-539B-4883-9919-C84C452C8690}.Debug|Any CPU.ActiveCfg = Debug|Win32
		{642E9D6D-539B-4883-9919-C84C452C8690}.Debug|x64.ActiveCfg = Debug|x64
		{642E9D6D-539B-4883-9919-C84C452C8690}.Debug|x64.Build.0 = Debug|x64
		{642E9D6D-539B-4883-9919-C84C452C8690}.Debug|x86.ActiveCfg = Debug|Win32
		{642E9D6D-539B-4883-9919-C84C452C8690}.Debug|x86.Build.0 = Debug|Win32
		{642E9D6D-539B-4883-9919-C84C452C8690}.Release|Any CPU.ActiveCfg = Release|Win32
		{642E9D6D-539B-4883-9919-C84C452C8690}.Release|x64.ActiveCfg = Release|x64
		{642E9D6D-539B-4883-9919-C84C452C8690}.Release|x64.Build.0 = Release|x64
		{642E9D6D-539B-4883-9919-C84C452C8690}.Release|x86.ActiveCfg = Release|Win32
		{642E9D6D-539B-4883-9919-C84C452C8690}.Release|x86.Build.0 = Release|Win32
		{8CA3B46C-B552-49BF-AC07-1350D3E95FE3}.Debug|Any CPU.ActiveCfg = Debug|Win32
		{8CA3B46C-B552-49BF-AC07-1350D3E95FE3}.Debug|x64.ActiveCfg = Debug|x64
		{8CA3B46C-B552-49BF-AC07-1350D3E95FE3}.Debug|x64.Build.0 = Debug|x64
		{8CA3B46C-B552-49BF-AC07-1350D3E95FE3}.Debug|x86.ActiveCfg = Debug|Win32
		{8CA3B46C-B552-49BF-AC07-1350D3E95FE3}.Debug|x86.Build.0 = Debug|Win32
		{8CA3B46C-B552-49BF-AC07-1350D3E95FE3}.Release|Any CPU.ActiveCfg = Release|Win32
		{8CA3B46C-B552-49BF-AC07-1350D3E95FE3}.Release|x64.ActiveCfg = Release|x64
		{8CA3B46C-B552-49BF-AC07-1350D3E95FE3}.Release|x64.Build.0 = Release|x64
		{8CA3B46C-B552-49BF-AC07-1350D3E95FE3}.Release|x86.ActiveCfg = Release|Win32
		{8CA3B46C-B552-49BF-AC07-1350D3E95FE3}.Release|x86.Build.0 = Release|Win32
		{A12518EB-79B9-481F-AD68-BBE675584AEC}.Debug|Any CPU.ActiveCfg = Debug|Win32
		{A12518EB-79B9-481F-AD68-BBE675584AEC}.Debug|x64.ActiveCfg = Debug|x64
		{A12518EB-79B9-481F-AD68-BBE675584AEC}.Debug|x64.Build.0 = Debug|x64
		{A12518EB-79B9-481F-AD68-BBE675584AEC}.Debug|x86.ActiveCfg = Debug|Win32
		{A12518EB-79B9-481F-AD68-BBE675584AEC}.Debug|x86.Build.0 = Debug|Win32
		{A12518EB-79B9-481F-AD68-BBE675584AEC}.Release|Any CPU.ActiveCfg = Release|Win32
		{A12518EB-79B9-481F-AD68-BBE675584AEC}.Release|x64.ActiveCfg = Release|x64
		{A12518EB-79B9-481F-AD68-BBE675584AEC}.Release|x64.Build.0 = Release|x64
		{A12518EB-79B9-481F-AD68-BBE675584AEC}.Release|x86.ActiveCfg = Release|Win32
		{A12518EB-79B9-481F-AD68-BBE675584AEC}.Release|x86.Build.0 = Release|Win32
		{7B13DB2E-5772-44DF-8E49-3844B71086EB}.Debug|Any CPU.ActiveCfg = Debug|Win32
		{7B13DB2E-5772-44DF-8E49-3844B71086EB}.Debug|x64.ActiveCfg = Debug|x64
		{7B13DB2E-5772-44DF-8E49-3844B71086EB}.Debug|x64.Build.0 = Debug|x64
		{7B13DB2E-5772-44DF-8E49-3844B71086EB}.Debug|x86.ActiveCfg = Debug|Win32
		{7B13DB2E-5772-44DF-8E49-3844B71086EB}.Debug|x86.Build.0 = Debug|Win32
		{7B13DB2E-5772-44DF-8E49-3844B71086EB}.Release|Any CPU.ActiveCfg = Release|Win32
		{7B13DB2E-5772-44DF-8E49-3844B71086EB}.Release|x64.ActiveCfg = Release|x64
		{7B13DB2E-5772-44DF-8E49-3844B71086EB}.Release|x64.Build.0 = Release|x64
		{7B13DB2E-5772-44DF-8E49-3844B71086EB}.Release|x86.ActiveCfg = Release|Win32
		{7B13DB2E-5772-44DF-8E49-3844B71086EB}.Release|x86.Build.0 = Release|Win32
		{8D7A6FC6-51DC-48A4-BB4E-F7FA6479110B}.Debug|Any CPU.ActiveCfg = Debug|Win32
		{8D7A6FC6-51DC-48A4-BB4E-F7FA6479110B}.Debug|x64.ActiveCfg = Debug|x64
		{8D7A6FC6-51DC-48A4-BB4E-F7FA6479110B}.Debug|x64.Build.0 = Debug|x64
		{8D7A6FC6-51DC-48A4-BB4E-F7FA6479110B}.Debug|x86.ActiveCfg = Debug|Win32
		{8D7A6FC6-51DC-48A4-BB4E-F7FA6479110B}.Debug|x86.Build.0 = Debug|Win32
		{8D7A6FC6-51DC-48A4-BB4E-F7FA6479110B}.Release|Any CPU.ActiveCfg = Release|Win32
		{8D7A6FC6-51DC-48A4-BB4E-F7FA6479110B}.Release|x64.ActiveCfg = Release|x64
		{8D7A6FC6-51DC-48A4-BB4E-F7FA6479110B}.Release|x64.Build.0 = Release|x64
		{8D7A6FC6-51DC-48A4-BB4E-F7FA6479110B}.Release|x86.ActiveCfg = Release|Win32
		{8D7A6FC6-51DC-48A4-BB4E-F7FA6479110B}.Release|x86.Build.0 = Release|Win32
		{DA9DD4F9-B4F8-4078-97F4-BB6AF896B897}.Debug|Any CPU.ActiveCfg = Debug|Win32
		{DA9DD4F9-B4F8-4078-97F4-BB6AF896B897}.Debug|x64.ActiveCfg = Debug|x64
		{DA9DD4F9-B4F8-4078-97F4-BB6AF896B897}.Debug|x64.Build.0 = Debug|x64
		{DA9DD4F9-B4F8-4078-97F4-BB6AF896B897}.Debug|x86.ActiveCfg = Debug|Win32
		{DA9DD4F9-B4F8-4078-97F4-BB6AF896B897}.Debug|x86.Build.0 = Debug|Win32
		{DA9DD4F9-B4F8-4078-97F4-BB6AF896B897}.Release|Any CPU.ActiveCfg = Release|Win32
		{DA9DD4F9-B4F8-4078-97F4-BB6AF896B897}.Release|x64.ActiveCfg = Release|x64
		{DA9DD4F9-B4F8-4078-97F4-BB6AF896B897}.Release|x64.Build.0 = Release|x64
		{DA9DD4F9-B4F8-4078-97F4-BB6AF896B897}.Release|x86.ActiveCfg = Release|Win32
		{DA9DD4F9-B4F8-4078-97F4-BB6AF896B897}.Release|x86.Build.0 = Release|Win32
		{02365C79-1E7A-48B9-9D64-7A2804B07395}.Debug|Any CPU.ActiveCfg = Debug|Win32
		{02365C79-1E7A-48B9-9D64-7A2804B07395}.Debug|x64.ActiveCfg = Debug|x64
		{02365C79-1E7A-48B9-9D64-7A2804B07395}.Debug|x64.Build.0 = Debug|x64
		{02365C79-1E7A-48B9-9D64-7A2804B07395}.Debug|x86.ActiveCfg = Debug|Win32
		{02365C79-1E7A-48B9-9D64-7A2804B07395}.Debug|x86.Build.0 = Debug|Win32
		{02365C79-1E7A-48B9-9D64-7A2804B07395}.Release|Any CPU.ActiveCfg = Release|Win32
		{02365C79-1E7A-48B9-9D64-7A2804B07395}.Release|x64.ActiveCfg = Release|x64
		{02365C79-1E7A-48B9-9D64-7A2804B07395}.Release|x64.Build.0 = Release|x64
		{02365C79-1E7A-48B9-9D64-7A2804B07395}.Release|x86.ActiveCfg = Release|Win32
		{02365C79-1E7A-48B9-9D64-7A2804B07395}.Release|x86.Build.0 = Release|Win32
	EndGlobalSection
	GlobalSection(SolutionProperties) = preSolution
		HideSolutionNode = FALSE
	EndGlobalSection
	GlobalSection(NestedProjects) = preSolution
		{35B1E8B1-6DE5-4651-BA43-EAD52EBE7CC0} = {4B412783-490F-44EA-99CB-4DA380F751AA}
		{A2E552EB-A02B-4E14-AD53-60125677F213} = {229C889B-F5A6-4F1B-B203-A7D0CCE19F97}
		{5A830D27-89C2-4A3F-B025-B9EA6B4D00C1} = {9E1F3A16-66B0-4483-8966-4A7FF5B8B1B4}
		{3E643F7C-B657-47A6-BBA8-421FD07EAC85} = {3F4A39C1-81DA-43B8-877B-E3112C7F379D}
		{11BCD3FA-A8A0-49F6-ADA2-A6421AD983C1} = {C203501B-7BEF-4A8B-929D-254B7D4C7F81}
		{C203501B-7BEF-4A8B-929D-254B7D4C7F81} = {B34234A2-A04F-42C1-A06B-2EC30287F98F}
		{B777AFB9-3FAD-4542-84A3-4FF24C3C699E} = {C203501B-7BEF-4A8B-929D-254B7D4C7F81}
		{6A2977BB-0B2A-4101-81B4-8013603C4FB2} = {C203501B-7BEF-4A8B-929D-254B7D4C7F81}
		{8F5D4C86-D424-406D-9123-4A05AA51F08B} = {04E1EFF8-BA91-4D1D-807F-00D033D529E8}
		{B8493EA2-BCE8-4F91-BC93-483EC029CBE0} = {04E1EFF8-BA91-4D1D-807F-00D033D529E8}
		{82FDF432-E42A-4185-A70B-F746AC502303} = {F4A85EB1-2E90-45D0-8C98-E5D21659B308}
		{617E598C-5F72-4D16-A8E6-D016FED07ED0} = {3F4A39C1-81DA-43B8-877B-E3112C7F379D}
		{FD12E9F4-262C-4351-90D4-D002B86DC5A8} = {3F4A39C1-81DA-43B8-877B-E3112C7F379D}
		{5F1AD204-E704-4C55-8D06-31DC7B296DEF} = {3F4A39C1-81DA-43B8-877B-E3112C7F379D}
		{9E1F3A16-66B0-4483-8966-4A7FF5B8B1B4} = {B34234A2-A04F-42C1-A06B-2EC30287F98F}
		{DB23C8B3-6D2A-4AAC-B40A-77393724FA6C} = {9E1F3A16-66B0-4483-8966-4A7FF5B8B1B4}
		{9882C64A-0EF8-4407-9DBF-7B544F4B1AF7} = {B34234A2-A04F-42C1-A06B-2EC30287F98F}
		{F451F54C-46E4-408B-97BE-976D7BE183DE} = {B34234A2-A04F-42C1-A06B-2EC30287F98F}
		{B8465D56-7076-415F-84FA-29C16FAD1D92} = {3F4A39C1-81DA-43B8-877B-E3112C7F379D}
		{9D256729-4EC1-4475-ACAD-11A573165FD2} = {C203501B-7BEF-4A8B-929D-254B7D4C7F81}
		{808E5A62-7BB7-4B8C-927B-C7324C1E3D8B} = {B34234A2-A04F-42C1-A06B-2EC30287F98F}
		{23D89D60-E021-4BB3-88F6-4A9EC72D9D3C} = {3F4A39C1-81DA-43B8-877B-E3112C7F379D}
		{7056CFFD-40EF-40AB-BE41-B8E057C42E5F} = {F4A85EB1-2E90-45D0-8C98-E5D21659B308}
		{142E7FE1-3BDA-4B61-9D2F-01DF20175C90} = {F4A85EB1-2E90-45D0-8C98-E5D21659B308}
		{1F761492-750D-45EE-9C01-4AFA5EC406DF} = {F4A85EB1-2E90-45D0-8C98-E5D21659B308}
		{E5280A50-3C14-4505-99EB-BCB73CD2C45D} = {B34234A2-A04F-42C1-A06B-2EC30287F98F}
		{642E9D6D-539B-4883-9919-C84C452C8690} = {3F4A39C1-81DA-43B8-877B-E3112C7F379D}
		{8CA3B46C-B552-49BF-AC07-1350D3E95FE3} = {C203501B-7BEF-4A8B-929D-254B7D4C7F81}
		{A12518EB-79B9-481F-AD68-BBE675584AEC} = {4B412783-490F-44EA-99CB-4DA380F751AA}
		{7B13DB2E-5772-44DF-8E49-3844B71086EB} = {229C889B-F5A6-4F1B-B203-A7D0CCE19F97}
		{4B412783-490F-44EA-99CB-4DA380F751AA} = {3A746205-E1B7-400B-989F-EAF8732AB0DC}
		{229C889B-F5A6-4F1B-B203-A7D0CCE19F97} = {3A746205-E1B7-400B-989F-EAF8732AB0DC}
		{45C9A315-55A3-4FBF-89CE-27438A9BE9B6} = {B34234A2-A04F-42C1-A06B-2EC30287F98F}
		{8D7A6FC6-51DC-48A4-BB4E-F7FA6479110B} = {45C9A315-55A3-4FBF-89CE-27438A9BE9B6}
		{DA9DD4F9-B4F8-4078-97F4-BB6AF896B897} = {45C9A315-55A3-4FBF-89CE-27438A9BE9B6}
		{04E1EFF8-BA91-4D1D-807F-00D033D529E8} = {46701328-5CB2-46F6-8AB0-179892734F8B}
		{F4A85EB1-2E90-45D0-8C98-E5D21659B308} = {46701328-5CB2-46F6-8AB0-179892734F8B}
		{02365C79-1E7A-48B9-9D64-7A2804B07395} = {04E1EFF8-BA91-4D1D-807F-00D033D529E8}
	EndGlobalSection
EndGlobal
