
Microsoft Visual Studio Solution File, Format Version 12.00
# Visual Studio 14
VisualStudioVersion = 14.0.25420.1
MinimumVisualStudioVersion = 10.0.40219.1
Project("{8BC9CEB8-8B4A-11D0-8D11-00A0C91BC942}") = "Buglife", "Buglife\Buglife.vcxproj", "{E7ACB87E-854D-4727-B0D1-6B57CD83BF38}"
EndProject
Project("{8BC9CEB8-8B4A-11D0-8D11-00A0C91BC942}") = "Maketree", "Maketree\Maketree.vcxproj", "{35B1E8B1-6DE5-4651-BA43-EAD52EBE7CC0}"
EndProject
Project("{8BC9CEB8-8B4A-11D0-8D11-00A0C91BC942}") = "Toposort", "Toposort\Toposort.vcxproj", "{A2E552EB-A02B-4E14-AD53-60125677F213}"
EndProject
Project("{8BC9CEB8-8B4A-11D0-8D11-00A0C91BC942}") = "Herding", "Herding\Herding.vcxproj", "{5A830D27-89C2-4A3F-B025-B9EA6B4D00C1}"
EndProject
Project("{8BC9CEB8-8B4A-11D0-8D11-00A0C91BC942}") = "MinimumKnightMoves", "MinimumKnightMoves\MinimumKnightMoves.vcxproj", "{3E643F7C-B657-47A6-BBA8-421FD07EAC85}"
EndProject
Project("{2150E333-8FDC-42A3-9474-1A3956D46DE8}") = "Bfs", "Bfs", "{3F4A39C1-81DA-43B8-877B-E3112C7F379D}"
EndProject
Project("{2150E333-8FDC-42A3-9474-1A3956D46DE8}") = "Dfs", "Dfs", "{B34234A2-A04F-42C1-A06B-2EC30287F98F}"
EndProject
Project("{8BC9CEB8-8B4A-11D0-8D11-00A0C91BC942}") = "Labyrinth", "Labyrinth\Labyrinth.vcxproj", "{11BCD3FA-A8A0-49F6-ADA2-A6421AD983C1}"
EndProject
Project("{2150E333-8FDC-42A3-9474-1A3956D46DE8}") = "LongestPath", "LongestPath", "{C203501B-7BEF-4A8B-929D-254B7D4C7F81}"
EndProject
Project("{8BC9CEB8-8B4A-11D0-8D11-00A0C91BC942}") = "LongestPathInTree", "LongestPathInTree\LongestPathInTree.vcxproj", "{B777AFB9-3FAD-4542-84A3-4FF24C3C699E}"
EndProject
Project("{8BC9CEB8-8B4A-11D0-8D11-00A0C91BC942}") = "Benefactor", "Benefactor\Benefactor.vcxproj", "{6A2977BB-0B2A-4101-81B4-8013603C4FB2}"
EndProject
Project("{2150E333-8FDC-42A3-9474-1A3956D46DE8}") = "ShortestPaths", "ShortestPaths", "{46701328-5CB2-46F6-8AB0-179892734F8B}"
EndProject
Project("{8BC9CEB8-8B4A-11D0-8D11-00A0C91BC942}") = "TravellingCost", "TravellingCost\TravellingCost.vcxproj", "{8F5D4C86-D424-406D-9123-4A05AA51F08B}"
EndProject
Project("{8BC9CEB8-8B4A-11D0-8D11-00A0C91BC942}") = "MiceMaze", "MiceMaze\MiceMaze.vcxproj", "{B8493EA2-BCE8-4F91-BC93-483EC029CBE0}"
EndProject
Project("{8BC9CEB8-8B4A-11D0-8D11-00A0C91BC942}") = "Highways", "Highways\Highways.vcxproj", "{82FDF432-E42A-4185-A70B-F746AC502303}"
EndProject
Project("{8BC9CEB8-8B4A-11D0-8D11-00A0C91BC942}") = "ABriefExpedition", "ABriefExpedition\ABriefExpedition.vcxproj", "{617E598C-5F72-4D16-A8E6-D016FED07ED0}"
EndProject
Project("{8BC9CEB8-8B4A-11D0-8D11-00A0C91BC942}") = "Sheep", "Sheep\Sheep.vcxproj", "{FD12E9F4-262C-4351-90D4-D002B86DC5A8}"
EndProject
Project("{8BC9CEB8-8B4A-11D0-8D11-00A0C91BC942}") = "LaserPhones", "LaserPhones\LaserPhones.vcxproj", "{5F1AD204-E704-4C55-8D06-31DC7B296DEF}"
EndProject
Global
	GlobalSection(SolutionConfigurationPlatforms) = preSolution
		Debug|Any CPU = Debug|Any CPU
		Debug|x64 = Debug|x64
		Debug|x86 = Debug|x86
		Release|Any CPU = Release|Any CPU
		Release|x64 = Release|x64
		Release|x86 = Release|x86
	EndGlobalSection
	GlobalSection(ProjectConfigurationPlatforms) = postSolution
		{E7ACB87E-854D-4727-B0D1-6B57CD83BF38}.Debug|Any CPU.ActiveCfg = Debug|Win32
		{E7ACB87E-854D-4727-B0D1-6B57CD83BF38}.Debug|x64.ActiveCfg = Debug|x64
		{E7ACB87E-854D-4727-B0D1-6B57CD83BF38}.Debug|x64.Build.0 = Debug|x64
		{E7ACB87E-854D-4727-B0D1-6B57CD83BF38}.Debug|x86.ActiveCfg = Debug|Win32
		{E7ACB87E-854D-4727-B0D1-6B57CD83BF38}.Debug|x86.Build.0 = Debug|Win32
		{E7ACB87E-854D-4727-B0D1-6B57CD83BF38}.Release|Any CPU.ActiveCfg = Release|Win32
		{E7ACB87E-854D-4727-B0D1-6B57CD83BF38}.Release|x64.ActiveCfg = Release|x64
		{E7ACB87E-854D-4727-B0D1-6B57CD83BF38}.Release|x64.Build.0 = Release|x64
		{E7ACB87E-854D-4727-B0D1-6B57CD83BF38}.Release|x86.ActiveCfg = Release|Win32
		{E7ACB87E-854D-4727-B0D1-6B57CD83BF38}.Release|x86.Build.0 = Release|Win32
		{35B1E8B1-6DE5-4651-BA43-EAD52EBE7CC0}.Debug|Any CPU.ActiveCfg = Debug|Win32
		{35B1E8B1-6DE5-4651-BA43-EAD52EBE7CC0}.Debug|x64.ActiveCfg = Debug|x64
		{35B1E8B1-6DE5-4651-BA43-EAD52EBE7CC0}.Debug|x64.Build.0 = Debug|x64
		{35B1E8B1-6DE5-4651-BA43-EAD52EBE7CC0}.Debug|x86.ActiveCfg = Debug|Win32
		{35B1E8B1-6DE5-4651-BA43-EAD52EBE7CC0}.Debug|x86.Build.0 = Debug|Win32
		{35B1E8B1-6DE5-4651-BA43-EAD52EBE7CC0}.Release|Any CPU.ActiveCfg = Release|Win32
		{35B1E8B1-6DE5-4651-BA43-EAD52EBE7CC0}.Release|x64.ActiveCfg = Release|x64
		{35B1E8B1-6DE5-4651-BA43-EAD52EBE7CC0}.Release|x64.Build.0 = Release|x64
		{35B1E8B1-6DE5-4651-BA43-EAD52EBE7CC0}.Release|x86.ActiveCfg = Release|Win32
		{35B1E8B1-6DE5-4651-BA43-EAD52EBE7CC0}.Release|x86.Build.0 = Release|Win32
		{A2E552EB-A02B-4E14-AD53-60125677F213}.Debug|Any CPU.ActiveCfg = Debug|Win32
		{A2E552EB-A02B-4E14-AD53-60125677F213}.Debug|x64.ActiveCfg = Debug|x64
		{A2E552EB-A02B-4E14-AD53-60125677F213}.Debug|x64.Build.0 = Debug|x64
		{A2E552EB-A02B-4E14-AD53-60125677F213}.Debug|x86.ActiveCfg = Debug|Win32
		{A2E552EB-A02B-4E14-AD53-60125677F213}.Debug|x86.Build.0 = Debug|Win32
		{A2E552EB-A02B-4E14-AD53-60125677F213}.Release|Any CPU.ActiveCfg = Release|Win32
		{A2E552EB-A02B-4E14-AD53-60125677F213}.Release|x64.ActiveCfg = Release|x64
		{A2E552EB-A02B-4E14-AD53-60125677F213}.Release|x64.Build.0 = Release|x64
		{A2E552EB-A02B-4E14-AD53-60125677F213}.Release|x86.ActiveCfg = Release|Win32
		{A2E552EB-A02B-4E14-AD53-60125677F213}.Release|x86.Build.0 = Release|Win32
		{5A830D27-89C2-4A3F-B025-B9EA6B4D00C1}.Debug|Any CPU.ActiveCfg = Debug|Win32
		{5A830D27-89C2-4A3F-B025-B9EA6B4D00C1}.Debug|x64.ActiveCfg = Debug|x64
		{5A830D27-89C2-4A3F-B025-B9EA6B4D00C1}.Debug|x64.Build.0 = Debug|x64
		{5A830D27-89C2-4A3F-B025-B9EA6B4D00C1}.Debug|x86.ActiveCfg = Debug|Win32
		{5A830D27-89C2-4A3F-B025-B9EA6B4D00C1}.Debug|x86.Build.0 = Debug|Win32
		{5A830D27-89C2-4A3F-B025-B9EA6B4D00C1}.Release|Any CPU.ActiveCfg = Release|Win32
		{5A830D27-89C2-4A3F-B025-B9EA6B4D00C1}.Release|x64.ActiveCfg = Release|x64
		{5A830D27-89C2-4A3F-B025-B9EA6B4D00C1}.Release|x64.Build.0 = Release|x64
		{5A830D27-89C2-4A3F-B025-B9EA6B4D00C1}.Release|x86.ActiveCfg = Release|Win32
		{5A830D27-89C2-4A3F-B025-B9EA6B4D00C1}.Release|x86.Build.0 = Release|Win32
		{3E643F7C-B657-47A6-BBA8-421FD07EAC85}.Debug|Any CPU.ActiveCfg = Debug|Win32
		{3E643F7C-B657-47A6-BBA8-421FD07EAC85}.Debug|x64.ActiveCfg = Debug|x64
		{3E643F7C-B657-47A6-BBA8-421FD07EAC85}.Debug|x64.Build.0 = Debug|x64
		{3E643F7C-B657-47A6-BBA8-421FD07EAC85}.Debug|x86.ActiveCfg = Debug|Win32
		{3E643F7C-B657-47A6-BBA8-421FD07EAC85}.Debug|x86.Build.0 = Debug|Win32
		{3E643F7C-B657-47A6-BBA8-421FD07EAC85}.Release|Any CPU.ActiveCfg = Release|Win32
		{3E643F7C-B657-47A6-BBA8-421FD07EAC85}.Release|x64.ActiveCfg = Release|x64
		{3E643F7C-B657-47A6-BBA8-421FD07EAC85}.Release|x64.Build.0 = Release|x64
		{3E643F7C-B657-47A6-BBA8-421FD07EAC85}.Release|x86.ActiveCfg = Release|Win32
		{3E643F7C-B657-47A6-BBA8-421FD07EAC85}.Release|x86.Build.0 = Release|Win32
		{11BCD3FA-A8A0-49F6-ADA2-A6421AD983C1}.Debug|Any CPU.ActiveCfg = Debug|Win32
		{11BCD3FA-A8A0-49F6-ADA2-A6421AD983C1}.Debug|x64.ActiveCfg = Debug|x64
		{11BCD3FA-A8A0-49F6-ADA2-A6421AD983C1}.Debug|x64.Build.0 = Debug|x64
		{11BCD3FA-A8A0-49F6-ADA2-A6421AD983C1}.Debug|x86.ActiveCfg = Debug|Win32
		{11BCD3FA-A8A0-49F6-ADA2-A6421AD983C1}.Debug|x86.Build.0 = Debug|Win32
		{11BCD3FA-A8A0-49F6-ADA2-A6421AD983C1}.Release|Any CPU.ActiveCfg = Release|Win32
		{11BCD3FA-A8A0-49F6-ADA2-A6421AD983C1}.Release|x64.ActiveCfg = Release|x64
		{11BCD3FA-A8A0-49F6-ADA2-A6421AD983C1}.Release|x64.Build.0 = Release|x64
		{11BCD3FA-A8A0-49F6-ADA2-A6421AD983C1}.Release|x86.ActiveCfg = Release|Win32
		{11BCD3FA-A8A0-49F6-ADA2-A6421AD983C1}.Release|x86.Build.0 = Release|Win32
		{B777AFB9-3FAD-4542-84A3-4FF24C3C699E}.Debug|Any CPU.ActiveCfg = Debug|Win32
		{B777AFB9-3FAD-4542-84A3-4FF24C3C699E}.Debug|x64.ActiveCfg = Debug|x64
		{B777AFB9-3FAD-4542-84A3-4FF24C3C699E}.Debug|x64.Build.0 = Debug|x64
		{B777AFB9-3FAD-4542-84A3-4FF24C3C699E}.Debug|x86.ActiveCfg = Debug|Win32
		{B777AFB9-3FAD-4542-84A3-4FF24C3C699E}.Debug|x86.Build.0 = Debug|Win32
		{B777AFB9-3FAD-4542-84A3-4FF24C3C699E}.Release|Any CPU.ActiveCfg = Release|Win32
		{B777AFB9-3FAD-4542-84A3-4FF24C3C699E}.Release|x64.ActiveCfg = Release|x64
		{B777AFB9-3FAD-4542-84A3-4FF24C3C699E}.Release|x64.Build.0 = Release|x64
		{B777AFB9-3FAD-4542-84A3-4FF24C3C699E}.Release|x86.ActiveCfg = Release|Win32
		{B777AFB9-3FAD-4542-84A3-4FF24C3C699E}.Release|x86.Build.0 = Release|Win32
		{6A2977BB-0B2A-4101-81B4-8013603C4FB2}.Debug|Any CPU.ActiveCfg = Debug|Win32
		{6A2977BB-0B2A-4101-81B4-8013603C4FB2}.Debug|x64.ActiveCfg = Debug|x64
		{6A2977BB-0B2A-4101-81B4-8013603C4FB2}.Debug|x64.Build.0 = Debug|x64
		{6A2977BB-0B2A-4101-81B4-8013603C4FB2}.Debug|x86.ActiveCfg = Debug|Win32
		{6A2977BB-0B2A-4101-81B4-8013603C4FB2}.Debug|x86.Build.0 = Debug|Win32
		{6A2977BB-0B2A-4101-81B4-8013603C4FB2}.Release|Any CPU.ActiveCfg = Release|Win32
		{6A2977BB-0B2A-4101-81B4-8013603C4FB2}.Release|x64.ActiveCfg = Release|x64
		{6A2977BB-0B2A-4101-81B4-8013603C4FB2}.Release|x64.Build.0 = Release|x64
		{6A2977BB-0B2A-4101-81B4-8013603C4FB2}.Release|x86.ActiveCfg = Release|Win32
		{6A2977BB-0B2A-4101-81B4-8013603C4FB2}.Release|x86.Build.0 = Release|Win32
		{8F5D4C86-D424-406D-9123-4A05AA51F08B}.Debug|Any CPU.ActiveCfg = Debug|Win32
		{8F5D4C86-D424-406D-9123-4A05AA51F08B}.Debug|x64.ActiveCfg = Debug|x64
		{8F5D4C86-D424-406D-9123-4A05AA51F08B}.Debug|x64.Build.0 = Debug|x64
		{8F5D4C86-D424-406D-9123-4A05AA51F08B}.Debug|x86.ActiveCfg = Debug|Win32
		{8F5D4C86-D424-406D-9123-4A05AA51F08B}.Debug|x86.Build.0 = Debug|Win32
		{8F5D4C86-D424-406D-9123-4A05AA51F08B}.Release|Any CPU.ActiveCfg = Release|Win32
		{8F5D4C86-D424-406D-9123-4A05AA51F08B}.Release|x64.ActiveCfg = Release|x64
		{8F5D4C86-D424-406D-9123-4A05AA51F08B}.Release|x64.Build.0 = Release|x64
		{8F5D4C86-D424-406D-9123-4A05AA51F08B}.Release|x86.ActiveCfg = Release|Win32
		{8F5D4C86-D424-406D-9123-4A05AA51F08B}.Release|x86.Build.0 = Release|Win32
		{B8493EA2-BCE8-4F91-BC93-483EC029CBE0}.Debug|Any CPU.ActiveCfg = Debug|Win32
		{B8493EA2-BCE8-4F91-BC93-483EC029CBE0}.Debug|x64.ActiveCfg = Debug|x64
		{B8493EA2-BCE8-4F91-BC93-483EC029CBE0}.Debug|x64.Build.0 = Debug|x64
		{B8493EA2-BCE8-4F91-BC93-483EC029CBE0}.Debug|x86.ActiveCfg = Debug|Win32
		{B8493EA2-BCE8-4F91-BC93-483EC029CBE0}.Debug|x86.Build.0 = Debug|Win32
		{B8493EA2-BCE8-4F91-BC93-483EC029CBE0}.Release|Any CPU.ActiveCfg = Release|Win32
		{B8493EA2-BCE8-4F91-BC93-483EC029CBE0}.Release|x64.ActiveCfg = Release|x64
		{B8493EA2-BCE8-4F91-BC93-483EC029CBE0}.Release|x64.Build.0 = Release|x64
		{B8493EA2-BCE8-4F91-BC93-483EC029CBE0}.Release|x86.ActiveCfg = Release|Win32
		{B8493EA2-BCE8-4F91-BC93-483EC029CBE0}.Release|x86.Build.0 = Release|Win32
		{82FDF432-E42A-4185-A70B-F746AC502303}.Debug|Any CPU.ActiveCfg = Debug|Win32
		{82FDF432-E42A-4185-A70B-F746AC502303}.Debug|x64.ActiveCfg = Debug|x64
		{82FDF432-E42A-4185-A70B-F746AC502303}.Debug|x64.Build.0 = Debug|x64
		{82FDF432-E42A-4185-A70B-F746AC502303}.Debug|x86.ActiveCfg = Debug|Win32
		{82FDF432-E42A-4185-A70B-F746AC502303}.Debug|x86.Build.0 = Debug|Win32
		{82FDF432-E42A-4185-A70B-F746AC502303}.Release|Any CPU.ActiveCfg = Release|Win32
		{82FDF432-E42A-4185-A70B-F746AC502303}.Release|x64.ActiveCfg = Release|x64
		{82FDF432-E42A-4185-A70B-F746AC502303}.Release|x64.Build.0 = Release|x64
		{82FDF432-E42A-4185-A70B-F746AC502303}.Release|x86.ActiveCfg = Release|Win32
		{82FDF432-E42A-4185-A70B-F746AC502303}.Release|x86.Build.0 = Release|Win32
		{617E598C-5F72-4D16-A8E6-D016FED07ED0}.Debug|Any CPU.ActiveCfg = Debug|Win32
		{617E598C-5F72-4D16-A8E6-D016FED07ED0}.Debug|x64.ActiveCfg = Debug|x64
		{617E598C-5F72-4D16-A8E6-D016FED07ED0}.Debug|x64.Build.0 = Debug|x64
		{617E598C-5F72-4D16-A8E6-D016FED07ED0}.Debug|x86.ActiveCfg = Debug|Win32
		{617E598C-5F72-4D16-A8E6-D016FED07ED0}.Debug|x86.Build.0 = Debug|Win32
		{617E598C-5F72-4D16-A8E6-D016FED07ED0}.Release|Any CPU.ActiveCfg = Release|Win32
		{617E598C-5F72-4D16-A8E6-D016FED07ED0}.Release|x64.ActiveCfg = Release|x64
		{617E598C-5F72-4D16-A8E6-D016FED07ED0}.Release|x64.Build.0 = Release|x64
		{617E598C-5F72-4D16-A8E6-D016FED07ED0}.Release|x86.ActiveCfg = Release|Win32
		{617E598C-5F72-4D16-A8E6-D016FED07ED0}.Release|x86.Build.0 = Release|Win32
		{FD12E9F4-262C-4351-90D4-D002B86DC5A8}.Debug|Any CPU.ActiveCfg = Debug|Win32
		{FD12E9F4-262C-4351-90D4-D002B86DC5A8}.Debug|x64.ActiveCfg = Debug|x64
		{FD12E9F4-262C-4351-90D4-D002B86DC5A8}.Debug|x64.Build.0 = Debug|x64
		{FD12E9F4-262C-4351-90D4-D002B86DC5A8}.Debug|x86.ActiveCfg = Debug|Win32
		{FD12E9F4-262C-4351-90D4-D002B86DC5A8}.Debug|x86.Build.0 = Debug|Win32
		{FD12E9F4-262C-4351-90D4-D002B86DC5A8}.Release|Any CPU.ActiveCfg = Release|Win32
		{FD12E9F4-262C-4351-90D4-D002B86DC5A8}.Release|x64.ActiveCfg = Release|x64
		{FD12E9F4-262C-4351-90D4-D002B86DC5A8}.Release|x64.Build.0 = Release|x64
		{FD12E9F4-262C-4351-90D4-D002B86DC5A8}.Release|x86.ActiveCfg = Release|Win32
		{FD12E9F4-262C-4351-90D4-D002B86DC5A8}.Release|x86.Build.0 = Release|Win32
		{5F1AD204-E704-4C55-8D06-31DC7B296DEF}.Debug|Any CPU.ActiveCfg = Debug|Win32
		{5F1AD204-E704-4C55-8D06-31DC7B296DEF}.Debug|x64.ActiveCfg = Debug|x64
		{5F1AD204-E704-4C55-8D06-31DC7B296DEF}.Debug|x64.Build.0 = Debug|x64
		{5F1AD204-E704-4C55-8D06-31DC7B296DEF}.Debug|x86.ActiveCfg = Debug|Win32
		{5F1AD204-E704-4C55-8D06-31DC7B296DEF}.Debug|x86.Build.0 = Debug|Win32
		{5F1AD204-E704-4C55-8D06-31DC7B296DEF}.Release|Any CPU.ActiveCfg = Release|Win32
		{5F1AD204-E704-4C55-8D06-31DC7B296DEF}.Release|x64.ActiveCfg = Release|x64
		{5F1AD204-E704-4C55-8D06-31DC7B296DEF}.Release|x64.Build.0 = Release|x64
		{5F1AD204-E704-4C55-8D06-31DC7B296DEF}.Release|x86.ActiveCfg = Release|Win32
		{5F1AD204-E704-4C55-8D06-31DC7B296DEF}.Release|x86.Build.0 = Release|Win32
	EndGlobalSection
	GlobalSection(SolutionProperties) = preSolution
		HideSolutionNode = FALSE
	EndGlobalSection
	GlobalSection(NestedProjects) = preSolution
		{3E643F7C-B657-47A6-BBA8-421FD07EAC85} = {3F4A39C1-81DA-43B8-877B-E3112C7F379D}
		{11BCD3FA-A8A0-49F6-ADA2-A6421AD983C1} = {C203501B-7BEF-4A8B-929D-254B7D4C7F81}
		{C203501B-7BEF-4A8B-929D-254B7D4C7F81} = {B34234A2-A04F-42C1-A06B-2EC30287F98F}
		{B777AFB9-3FAD-4542-84A3-4FF24C3C699E} = {C203501B-7BEF-4A8B-929D-254B7D4C7F81}
		{6A2977BB-0B2A-4101-81B4-8013603C4FB2} = {C203501B-7BEF-4A8B-929D-254B7D4C7F81}
		{8F5D4C86-D424-406D-9123-4A05AA51F08B} = {46701328-5CB2-46F6-8AB0-179892734F8B}
		{B8493EA2-BCE8-4F91-BC93-483EC029CBE0} = {46701328-5CB2-46F6-8AB0-179892734F8B}
		{82FDF432-E42A-4185-A70B-F746AC502303} = {46701328-5CB2-46F6-8AB0-179892734F8B}
		{617E598C-5F72-4D16-A8E6-D016FED07ED0} = {3F4A39C1-81DA-43B8-877B-E3112C7F379D}
		{FD12E9F4-262C-4351-90D4-D002B86DC5A8} = {3F4A39C1-81DA-43B8-877B-E3112C7F379D}
		{5F1AD204-E704-4C55-8D06-31DC7B296DEF} = {3F4A39C1-81DA-43B8-877B-E3112C7F379D}
	EndGlobalSection
EndGlobal
