
Microsoft Visual Studio Solution File, Format Version 12.00
# Visual Studio 14
VisualStudioVersion = 14.0.25420.1
MinimumVisualStudioVersion = 10.0.40219.1
Project("{8BC9CEB8-8B4A-11D0-8D11-00A0C91BC942}") = "Fibosum", "Fibosum\Fibosum.vcxproj", "{1C64F726-12A1-4D63-91F2-3190DBC85251}"
EndProject
Project("{8BC9CEB8-8B4A-11D0-8D11-00A0C91BC942}") = "Bytelandian gold coins", "Bytelandian gold coins\Bytelandian gold coins.vcxproj", "{3432B37E-7D03-4D96-955A-130C4E0452C6}"
EndProject
Project("{8BC9CEB8-8B4A-11D0-8D11-00A0C91BC942}") = "Edit distance", "Edit distance\Edit distance.vcxproj", "{FD58BDFB-10AA-447E-912A-F07767299137}"
EndProject
Project("{8BC9CEB8-8B4A-11D0-8D11-00A0C91BC942}") = "Princess Farida", "Princess Farida\Princess Farida.vcxproj", "{0FB78D7F-5AE6-4646-A7AB-4BF3AF28D013}"
EndProject
Global
	GlobalSection(SolutionConfigurationPlatforms) = preSolution
		Debug|x64 = Debug|x64
		Debug|x86 = Debug|x86
		Release|x64 = Release|x64
		Release|x86 = Release|x86
	EndGlobalSection
	GlobalSection(ProjectConfigurationPlatforms) = postSolution
		{1C64F726-12A1-4D63-91F2-3190DBC85251}.Debug|x64.ActiveCfg = Debug|x64
		{1C64F726-12A1-4D63-91F2-3190DBC85251}.Debug|x64.Build.0 = Debug|x64
		{1C64F726-12A1-4D63-91F2-3190DBC85251}.Debug|x86.ActiveCfg = Debug|Win32
		{1C64F726-12A1-4D63-91F2-3190DBC85251}.Debug|x86.Build.0 = Debug|Win32
		{1C64F726-12A1-4D63-91F2-3190DBC85251}.Release|x64.ActiveCfg = Release|x64
		{1C64F726-12A1-4D63-91F2-3190DBC85251}.Release|x64.Build.0 = Release|x64
		{1C64F726-12A1-4D63-91F2-3190DBC85251}.Release|x86.ActiveCfg = Release|Win32
		{1C64F726-12A1-4D63-91F2-3190DBC85251}.Release|x86.Build.0 = Release|Win32
		{3432B37E-7D03-4D96-955A-130C4E0452C6}.Debug|x64.ActiveCfg = Debug|x64
		{3432B37E-7D03-4D96-955A-130C4E0452C6}.Debug|x64.Build.0 = Debug|x64
		{3432B37E-7D03-4D96-955A-130C4E0452C6}.Debug|x86.ActiveCfg = Debug|Win32
		{3432B37E-7D03-4D96-955A-130C4E0452C6}.Debug|x86.Build.0 = Debug|Win32
		{3432B37E-7D03-4D96-955A-130C4E0452C6}.Release|x64.ActiveCfg = Release|x64
		{3432B37E-7D03-4D96-955A-130C4E0452C6}.Release|x64.Build.0 = Release|x64
		{3432B37E-7D03-4D96-955A-130C4E0452C6}.Release|x86.ActiveCfg = Release|Win32
		{3432B37E-7D03-4D96-955A-130C4E0452C6}.Release|x86.Build.0 = Release|Win32
		{FD58BDFB-10AA-447E-912A-F07767299137}.Debug|x64.ActiveCfg = Debug|x64
		{FD58BDFB-10AA-447E-912A-F07767299137}.Debug|x64.Build.0 = Debug|x64
		{FD58BDFB-10AA-447E-912A-F07767299137}.Debug|x86.ActiveCfg = Debug|Win32
		{FD58BDFB-10AA-447E-912A-F07767299137}.Debug|x86.Build.0 = Debug|Win32
		{FD58BDFB-10AA-447E-912A-F07767299137}.Release|x64.ActiveCfg = Release|x64
		{FD58BDFB-10AA-447E-912A-F07767299137}.Release|x64.Build.0 = Release|x64
		{FD58BDFB-10AA-447E-912A-F07767299137}.Release|x86.ActiveCfg = Release|Win32
		{FD58BDFB-10AA-447E-912A-F07767299137}.Release|x86.Build.0 = Release|Win32
		{0FB78D7F-5AE6-4646-A7AB-4BF3AF28D013}.Debug|x64.ActiveCfg = Debug|x64
		{0FB78D7F-5AE6-4646-A7AB-4BF3AF28D013}.Debug|x64.Build.0 = Debug|x64
		{0FB78D7F-5AE6-4646-A7AB-4BF3AF28D013}.Debug|x86.ActiveCfg = Debug|Win32
		{0FB78D7F-5AE6-4646-A7AB-4BF3AF28D013}.Debug|x86.Build.0 = Debug|Win32
		{0FB78D7F-5AE6-4646-A7AB-4BF3AF28D013}.Release|x64.ActiveCfg = Release|x64
		{0FB78D7F-5AE6-4646-A7AB-4BF3AF28D013}.Release|x64.Build.0 = Release|x64
		{0FB78D7F-5AE6-4646-A7AB-4BF3AF28D013}.Release|x86.ActiveCfg = Release|Win32
		{0FB78D7F-5AE6-4646-A7AB-4BF3AF28D013}.Release|x86.Build.0 = Release|Win32
	EndGlobalSection
	GlobalSection(SolutionProperties) = preSolution
		HideSolutionNode = FALSE
	EndGlobalSection
EndGlobal
