
Microsoft Visual Studio Solution File, Format Version 12.00
# Visual Studio 14
VisualStudioVersion = 14.0.25420.1
MinimumVisualStudioVersion = 10.0.40219.1
Project("{8BC9CEB8-8B4A-11D0-8D11-00A0C91BC942}") = "Fibosum", "Fibosum\Fibosum.vcxproj", "{1C64F726-12A1-4D63-91F2-3190DBC85251}"
EndProject
Project("{8BC9CEB8-8B4A-11D0-8D11-00A0C91BC942}") = "Bytelandian gold coins", "Bytelandian gold coins\Bytelandian gold coins.vcxproj", "{3432B37E-7D03-4D96-955A-130C4E0452C6}"
EndProject
Project("{8BC9CEB8-8B4A-11D0-8D11-00A0C91BC942}") = "Edit distance", "Edit distance\Edit distance.vcxproj", "{FD58BDFB-10AA-447E-912A-F07767299137}"
EndProject
Project("{8BC9CEB8-8B4A-11D0-8D11-00A0C91BC942}") = "Princess Farida", "Princess Farida\Princess Farida.vcxproj", "{0FB78D7F-5AE6-4646-A7AB-4BF3AF28D013}"
EndProject
Project("{2150E333-8FDC-42A3-9474-1A3956D46DE8}") = "Knapsack", "Knapsack", "{686723A5-E63B-41B2-94B9-906395FA1ECD}"
EndProject
Project("{8BC9CEB8-8B4A-11D0-8D11-00A0C91BC942}") = "The Knapsack problem", "The Knapsack problem\The Knapsack problem.vcxproj", "{A2349733-4C58-4023-B6EC-806CA1BFE25E}"
EndProject
Project("{2150E333-8FDC-42A3-9474-1A3956D46DE8}") = "WeightedJobScheduling", "WeightedJobScheduling", "{C909D0A5-782B-4626-9BF4-3C5607360BB5}"
EndProject
Project("{8BC9CEB8-8B4A-11D0-8D11-00A0C91BC942}") = "Activities", "Activities\Activities.vcxproj", "{A3F2764B-3457-4749-9AE4-A23FD2E03E9B}"
EndProject
Project("{8BC9CEB8-8B4A-11D0-8D11-00A0C91BC942}") = "Rent your airplane and make money", "Rent your airplane and make money\Rent your airplane and make money.vcxproj", "{853263E0-F699-4E69-A733-A474B82867D7}"
EndProject
Project("{8BC9CEB8-8B4A-11D0-8D11-00A0C91BC942}") = "Wachovia Bank", "Wachovia Bank\Wachovia Bank.vcxproj", "{CD520737-61FB-45D6-A95D-E8159FECD3FF}"
EndProject
Project("{2150E333-8FDC-42A3-9474-1A3956D46DE8}") = "ZeroOne", "ZeroOne", "{E9B16131-15C6-426E-B614-CBA6F5C6F7D7}"
EndProject
Project("{2150E333-8FDC-42A3-9474-1A3956D46DE8}") = "Unbounded", "Unbounded", "{B2974D2C-C3CD-486E-9566-C61AA958738B}"
EndProject
Project("{8BC9CEB8-8B4A-11D0-8D11-00A0C91BC942}") = "Investment Money", "Investment Money\Investment Money.vcxproj", "{63A5FDAB-0143-450F-B17A-48437E7DF794}"
EndProject
Project("{8BC9CEB8-8B4A-11D0-8D11-00A0C91BC942}") = "Hotels Along the Croatian Coast", "Hotels Along the Croatian Coast\Hotels Along the Croatian Coast.vcxproj", "{F80AB80A-0E46-462B-8139-76116AD6DAA2}"
EndProject
Project("{8BC9CEB8-8B4A-11D0-8D11-00A0C91BC942}") = "Foodie", "Foodie\Foodie.vcxproj", "{22B828D3-B210-4D01-86F7-9FB7EB0262D3}"
EndProject
Project("{8BC9CEB8-8B4A-11D0-8D11-00A0C91BC942}") = "Piggy Bank", "Piggy Bank\Piggy Bank.vcxproj", "{DA8D7521-250A-4324-AD2C-81DB84611608}"
EndProject
Project("{8BC9CEB8-8B4A-11D0-8D11-00A0C91BC942}") = "Buying Apples", "Buying Apples\Buying Apples.vcxproj", "{A96F7A16-47C1-4010-B6B4-00577F7EF0DD}"
EndProject
Project("{2150E333-8FDC-42A3-9474-1A3956D46DE8}") = "MatrixMultiplication", "MatrixMultiplication", "{9BA9B927-D0BC-4C9F-8577-36107AF76AED}"
EndProject
Project("{8BC9CEB8-8B4A-11D0-8D11-00A0C91BC942}") = "Mixtures", "Mixtures\Mixtures.vcxproj", "{C55D14F2-700D-4062-8C4D-29722667A535}"
EndProject
Project("{8BC9CEB8-8B4A-11D0-8D11-00A0C91BC942}") = "Pocket Money", "Pocket Money\Pocket Money.vcxproj", "{6C13CD40-FAE6-48D6-B167-45371CF98991}"
EndProject
Project("{8BC9CEB8-8B4A-11D0-8D11-00A0C91BC942}") = "Sweet and Sour Rock", "Sweet and Sour Rock\Sweet and Sour Rock.vcxproj", "{851BEB82-AAC7-462E-8846-6E1D2616E7F4}"
EndProject
Project("{8BC9CEB8-8B4A-11D0-8D11-00A0C91BC942}") = "Fishmonger", "Fishmonger\Fishmonger.vcxproj", "{D08981AC-06E5-40D8-8D4E-8084D74983A4}"
EndProject
Project("{8BC9CEB8-8B4A-11D0-8D11-00A0C91BC942}") = "Party Schedule", "Party Schedule\Party Schedule.vcxproj", "{E9CC04F4-CB8D-4BA0-8538-C7BB80458925}"
EndProject
Project("{8BC9CEB8-8B4A-11D0-8D11-00A0C91BC942}") = "Scuba Diver", "Scuba Diver\Scuba Diver.vcxproj", "{194442ED-DDD9-4620-9EF8-5634B3868544}"
EndProject
Project("{2150E333-8FDC-42A3-9474-1A3956D46DE8}") = "Longest Common Subsequence", "Longest Common Subsequence", "{54B22E54-B57C-4C78-83E3-6B6FB7C2A9CE}"
EndProject
Project("{8BC9CEB8-8B4A-11D0-8D11-00A0C91BC942}") = "Aibohphobia", "Aibohphobia\Aibohphobia.vcxproj", "{B35ECE9F-61B8-4813-A80F-3C33E74C4FA3}"
EndProject
Project("{8BC9CEB8-8B4A-11D0-8D11-00A0C91BC942}") = "Advanced Fruits", "Advanced Fruits\Advanced Fruits.vcxproj", "{10BF1E25-4B0A-40D6-8621-9FE10F572D60}"
EndProject
Project("{2150E333-8FDC-42A3-9474-1A3956D46DE8}") = "Shortest Common Supersequence", "Shortest Common Supersequence", "{51C8B48F-3B68-44B8-9767-20F3540AAE3E}"
EndProject
Project("{8BC9CEB8-8B4A-11D0-8D11-00A0C91BC942}") = "Alphacode", "Alphacode\Alphacode.vcxproj", "{29A6EAF6-D892-49D9-BF16-3F4F717FE2EA}"
EndProject
Project("{8BC9CEB8-8B4A-11D0-8D11-00A0C91BC942}") = "Chop Ahoy! Revisited!", "Chop Ahoy! Revisited!\Chop Ahoy! Revisited!.vcxproj", "{C14B7C3D-8CC8-4175-A572-654563F772BC}"
EndProject
Project("{8BC9CEB8-8B4A-11D0-8D11-00A0C91BC942}") = "Philosophers Stone", "Philosophers Stone\Philosophers Stone.vcxproj", "{C653ADB6-AA88-48BD-ADF4-850393756DA1}"
EndProject
Project("{8BC9CEB8-8B4A-11D0-8D11-00A0C91BC942}") = "Menu", "Menu\Menu.vcxproj", "{8179B4D1-9096-4826-B035-53747F9BA1A4}"
EndProject
Project("{8BC9CEB8-8B4A-11D0-8D11-00A0C91BC942}") = "Lets go to the cinema", "Lets go to the cinema\Lets go to the cinema.vcxproj", "{39C215FD-EF5D-448E-AAC1-4BBB4B2D842F}"
EndProject
Project("{8BC9CEB8-8B4A-11D0-8D11-00A0C91BC942}") = "Wise And Miser", "Wise And Miser\Wise And Miser.vcxproj", "{4AF181FA-53C0-4E6E-B1E0-186F6CEC8CC5}"
EndProject
Project("{8BC9CEB8-8B4A-11D0-8D11-00A0C91BC942}") = "Maximum Wood Cutter", "Maximum Wood Cutter\Maximum Wood Cutter.vcxproj", "{6325C22E-709C-414D-B77E-D87796D18E97}"
EndProject
Project("{8BC9CEB8-8B4A-11D0-8D11-00A0C91BC942}") = "Tourist", "Tourist\Tourist.vcxproj", "{5BADF885-20C0-43F0-8CFD-77BC5C6ABC88}"
EndProject
Project("{8BC9CEB8-8B4A-11D0-8D11-00A0C91BC942}") = "Three-coloring of binary trees", "Three-coloring of binary trees\Three-coloring of binary trees.vcxproj", "{8B15BFBE-93C5-4EA9-A482-91422F59B3DE}"
EndProject
Project("{8BC9CEB8-8B4A-11D0-8D11-00A0C91BC942}") = "Martian", "Martian\Martian.vcxproj", "{E86CF0FA-07BE-4096-8EB5-159CE9BC0226}"
EndProject
Project("{8BC9CEB8-8B4A-11D0-8D11-00A0C91BC942}") = "Pilots", "Pilots\Pilots.vcxproj", "{55159C60-2148-4908-870B-4BAE7A77E297}"
EndProject
Project("{8BC9CEB8-8B4A-11D0-8D11-00A0C91BC942}") = "Be awesome as Barney", "Be awesome as Barney\Be awesome as Barney.vcxproj", "{39877462-0765-4005-A1E0-FF24355A04A6}"
EndProject
Project("{8BC9CEB8-8B4A-11D0-8D11-00A0C91BC942}") = "Foxling Feeding Frenzy", "Foxling Feeding Frenzy\Foxling Feeding Frenzy.vcxproj", "{D5B8581F-D27C-4F99-B7EB-35758D805C98}"
EndProject
Project("{8BC9CEB8-8B4A-11D0-8D11-00A0C91BC942}") = "Fool the Police", "Fool the Police\Fool the Police.vcxproj", "{F23A884E-29A4-4CFE-AA2D-84B7E9273CE3}"
EndProject
Project("{8BC9CEB8-8B4A-11D0-8D11-00A0C91BC942}") = "TreatsForCows", "TreatsForCows\TreatsForCows.vcxproj", "{89D95D9E-573C-47EE-AF7F-F577A73B1E22}"
EndProject
Global
	GlobalSection(SolutionConfigurationPlatforms) = preSolution
		Debug|x64 = Debug|x64
		Debug|x86 = Debug|x86
		Release|x64 = Release|x64
		Release|x86 = Release|x86
	EndGlobalSection
	GlobalSection(ProjectConfigurationPlatforms) = postSolution
		{1C64F726-12A1-4D63-91F2-3190DBC85251}.Debug|x64.ActiveCfg = Debug|x64
		{1C64F726-12A1-4D63-91F2-3190DBC85251}.Debug|x64.Build.0 = Debug|x64
		{1C64F726-12A1-4D63-91F2-3190DBC85251}.Debug|x86.ActiveCfg = Debug|Win32
		{1C64F726-12A1-4D63-91F2-3190DBC85251}.Debug|x86.Build.0 = Debug|Win32
		{1C64F726-12A1-4D63-91F2-3190DBC85251}.Release|x64.ActiveCfg = Release|x64
		{1C64F726-12A1-4D63-91F2-3190DBC85251}.Release|x64.Build.0 = Release|x64
		{1C64F726-12A1-4D63-91F2-3190DBC85251}.Release|x86.ActiveCfg = Release|Win32
		{1C64F726-12A1-4D63-91F2-3190DBC85251}.Release|x86.Build.0 = Release|Win32
		{3432B37E-7D03-4D96-955A-130C4E0452C6}.Debug|x64.ActiveCfg = Debug|x64
		{3432B37E-7D03-4D96-955A-130C4E0452C6}.Debug|x64.Build.0 = Debug|x64
		{3432B37E-7D03-4D96-955A-130C4E0452C6}.Debug|x86.ActiveCfg = Debug|Win32
		{3432B37E-7D03-4D96-955A-130C4E0452C6}.Debug|x86.Build.0 = Debug|Win32
		{3432B37E-7D03-4D96-955A-130C4E0452C6}.Release|x64.ActiveCfg = Release|x64
		{3432B37E-7D03-4D96-955A-130C4E0452C6}.Release|x64.Build.0 = Release|x64
		{3432B37E-7D03-4D96-955A-130C4E0452C6}.Release|x86.ActiveCfg = Release|Win32
		{3432B37E-7D03-4D96-955A-130C4E0452C6}.Release|x86.Build.0 = Release|Win32
		{FD58BDFB-10AA-447E-912A-F07767299137}.Debug|x64.ActiveCfg = Debug|x64
		{FD58BDFB-10AA-447E-912A-F07767299137}.Debug|x64.Build.0 = Debug|x64
		{FD58BDFB-10AA-447E-912A-F07767299137}.Debug|x86.ActiveCfg = Debug|Win32
		{FD58BDFB-10AA-447E-912A-F07767299137}.Debug|x86.Build.0 = Debug|Win32
		{FD58BDFB-10AA-447E-912A-F07767299137}.Release|x64.ActiveCfg = Release|x64
		{FD58BDFB-10AA-447E-912A-F07767299137}.Release|x64.Build.0 = Release|x64
		{FD58BDFB-10AA-447E-912A-F07767299137}.Release|x86.ActiveCfg = Release|Win32
		{FD58BDFB-10AA-447E-912A-F07767299137}.Release|x86.Build.0 = Release|Win32
		{0FB78D7F-5AE6-4646-A7AB-4BF3AF28D013}.Debug|x64.ActiveCfg = Debug|x64
		{0FB78D7F-5AE6-4646-A7AB-4BF3AF28D013}.Debug|x64.Build.0 = Debug|x64
		{0FB78D7F-5AE6-4646-A7AB-4BF3AF28D013}.Debug|x86.ActiveCfg = Debug|Win32
		{0FB78D7F-5AE6-4646-A7AB-4BF3AF28D013}.Debug|x86.Build.0 = Debug|Win32
		{0FB78D7F-5AE6-4646-A7AB-4BF3AF28D013}.Release|x64.ActiveCfg = Release|x64
		{0FB78D7F-5AE6-4646-A7AB-4BF3AF28D013}.Release|x64.Build.0 = Release|x64
		{0FB78D7F-5AE6-4646-A7AB-4BF3AF28D013}.Release|x86.ActiveCfg = Release|Win32
		{0FB78D7F-5AE6-4646-A7AB-4BF3AF28D013}.Release|x86.Build.0 = Release|Win32
		{A2349733-4C58-4023-B6EC-806CA1BFE25E}.Debug|x64.ActiveCfg = Debug|x64
		{A2349733-4C58-4023-B6EC-806CA1BFE25E}.Debug|x64.Build.0 = Debug|x64
		{A2349733-4C58-4023-B6EC-806CA1BFE25E}.Debug|x86.ActiveCfg = Debug|Win32
		{A2349733-4C58-4023-B6EC-806CA1BFE25E}.Debug|x86.Build.0 = Debug|Win32
		{A2349733-4C58-4023-B6EC-806CA1BFE25E}.Release|x64.ActiveCfg = Release|x64
		{A2349733-4C58-4023-B6EC-806CA1BFE25E}.Release|x64.Build.0 = Release|x64
		{A2349733-4C58-4023-B6EC-806CA1BFE25E}.Release|x86.ActiveCfg = Release|Win32
		{A2349733-4C58-4023-B6EC-806CA1BFE25E}.Release|x86.Build.0 = Release|Win32
		{A3F2764B-3457-4749-9AE4-A23FD2E03E9B}.Debug|x64.ActiveCfg = Debug|x64
		{A3F2764B-3457-4749-9AE4-A23FD2E03E9B}.Debug|x64.Build.0 = Debug|x64
		{A3F2764B-3457-4749-9AE4-A23FD2E03E9B}.Debug|x86.ActiveCfg = Debug|Win32
		{A3F2764B-3457-4749-9AE4-A23FD2E03E9B}.Debug|x86.Build.0 = Debug|Win32
		{A3F2764B-3457-4749-9AE4-A23FD2E03E9B}.Release|x64.ActiveCfg = Release|x64
		{A3F2764B-3457-4749-9AE4-A23FD2E03E9B}.Release|x64.Build.0 = Release|x64
		{A3F2764B-3457-4749-9AE4-A23FD2E03E9B}.Release|x86.ActiveCfg = Release|Win32
		{A3F2764B-3457-4749-9AE4-A23FD2E03E9B}.Release|x86.Build.0 = Release|Win32
		{853263E0-F699-4E69-A733-A474B82867D7}.Debug|x64.ActiveCfg = Debug|x64
		{853263E0-F699-4E69-A733-A474B82867D7}.Debug|x64.Build.0 = Debug|x64
		{853263E0-F699-4E69-A733-A474B82867D7}.Debug|x86.ActiveCfg = Debug|Win32
		{853263E0-F699-4E69-A733-A474B82867D7}.Debug|x86.Build.0 = Debug|Win32
		{853263E0-F699-4E69-A733-A474B82867D7}.Release|x64.ActiveCfg = Release|x64
		{853263E0-F699-4E69-A733-A474B82867D7}.Release|x64.Build.0 = Release|x64
		{853263E0-F699-4E69-A733-A474B82867D7}.Release|x86.ActiveCfg = Release|Win32
		{853263E0-F699-4E69-A733-A474B82867D7}.Release|x86.Build.0 = Release|Win32
		{CD520737-61FB-45D6-A95D-E8159FECD3FF}.Debug|x64.ActiveCfg = Debug|x64
		{CD520737-61FB-45D6-A95D-E8159FECD3FF}.Debug|x64.Build.0 = Debug|x64
		{CD520737-61FB-45D6-A95D-E8159FECD3FF}.Debug|x86.ActiveCfg = Debug|Win32
		{CD520737-61FB-45D6-A95D-E8159FECD3FF}.Debug|x86.Build.0 = Debug|Win32
		{CD520737-61FB-45D6-A95D-E8159FECD3FF}.Release|x64.ActiveCfg = Release|x64
		{CD520737-61FB-45D6-A95D-E8159FECD3FF}.Release|x64.Build.0 = Release|x64
		{CD520737-61FB-45D6-A95D-E8159FECD3FF}.Release|x86.ActiveCfg = Release|Win32
		{CD520737-61FB-45D6-A95D-E8159FECD3FF}.Release|x86.Build.0 = Release|Win32
		{63A5FDAB-0143-450F-B17A-48437E7DF794}.Debug|x64.ActiveCfg = Debug|x64
		{63A5FDAB-0143-450F-B17A-48437E7DF794}.Debug|x64.Build.0 = Debug|x64
		{63A5FDAB-0143-450F-B17A-48437E7DF794}.Debug|x86.ActiveCfg = Debug|Win32
		{63A5FDAB-0143-450F-B17A-48437E7DF794}.Debug|x86.Build.0 = Debug|Win32
		{63A5FDAB-0143-450F-B17A-48437E7DF794}.Release|x64.ActiveCfg = Release|x64
		{63A5FDAB-0143-450F-B17A-48437E7DF794}.Release|x64.Build.0 = Release|x64
		{63A5FDAB-0143-450F-B17A-48437E7DF794}.Release|x86.ActiveCfg = Release|Win32
		{63A5FDAB-0143-450F-B17A-48437E7DF794}.Release|x86.Build.0 = Release|Win32
		{F80AB80A-0E46-462B-8139-76116AD6DAA2}.Debug|x64.ActiveCfg = Debug|x64
		{F80AB80A-0E46-462B-8139-76116AD6DAA2}.Debug|x64.Build.0 = Debug|x64
		{F80AB80A-0E46-462B-8139-76116AD6DAA2}.Debug|x86.ActiveCfg = Debug|Win32
		{F80AB80A-0E46-462B-8139-76116AD6DAA2}.Debug|x86.Build.0 = Debug|Win32
		{F80AB80A-0E46-462B-8139-76116AD6DAA2}.Release|x64.ActiveCfg = Release|x64
		{F80AB80A-0E46-462B-8139-76116AD6DAA2}.Release|x64.Build.0 = Release|x64
		{F80AB80A-0E46-462B-8139-76116AD6DAA2}.Release|x86.ActiveCfg = Release|Win32
		{F80AB80A-0E46-462B-8139-76116AD6DAA2}.Release|x86.Build.0 = Release|Win32
		{22B828D3-B210-4D01-86F7-9FB7EB0262D3}.Debug|x64.ActiveCfg = Debug|x64
		{22B828D3-B210-4D01-86F7-9FB7EB0262D3}.Debug|x64.Build.0 = Debug|x64
		{22B828D3-B210-4D01-86F7-9FB7EB0262D3}.Debug|x86.ActiveCfg = Debug|Win32
		{22B828D3-B210-4D01-86F7-9FB7EB0262D3}.Debug|x86.Build.0 = Debug|Win32
		{22B828D3-B210-4D01-86F7-9FB7EB0262D3}.Release|x64.ActiveCfg = Release|x64
		{22B828D3-B210-4D01-86F7-9FB7EB0262D3}.Release|x64.Build.0 = Release|x64
		{22B828D3-B210-4D01-86F7-9FB7EB0262D3}.Release|x86.ActiveCfg = Release|Win32
		{22B828D3-B210-4D01-86F7-9FB7EB0262D3}.Release|x86.Build.0 = Release|Win32
		{DA8D7521-250A-4324-AD2C-81DB84611608}.Debug|x64.ActiveCfg = Debug|x64
		{DA8D7521-250A-4324-AD2C-81DB84611608}.Debug|x64.Build.0 = Debug|x64
		{DA8D7521-250A-4324-AD2C-81DB84611608}.Debug|x86.ActiveCfg = Debug|Win32
		{DA8D7521-250A-4324-AD2C-81DB84611608}.Debug|x86.Build.0 = Debug|Win32
		{DA8D7521-250A-4324-AD2C-81DB84611608}.Release|x64.ActiveCfg = Release|x64
		{DA8D7521-250A-4324-AD2C-81DB84611608}.Release|x64.Build.0 = Release|x64
		{DA8D7521-250A-4324-AD2C-81DB84611608}.Release|x86.ActiveCfg = Release|Win32
		{DA8D7521-250A-4324-AD2C-81DB84611608}.Release|x86.Build.0 = Release|Win32
		{A96F7A16-47C1-4010-B6B4-00577F7EF0DD}.Debug|x64.ActiveCfg = Debug|x64
		{A96F7A16-47C1-4010-B6B4-00577F7EF0DD}.Debug|x64.Build.0 = Debug|x64
		{A96F7A16-47C1-4010-B6B4-00577F7EF0DD}.Debug|x86.ActiveCfg = Debug|Win32
		{A96F7A16-47C1-4010-B6B4-00577F7EF0DD}.Debug|x86.Build.0 = Debug|Win32
		{A96F7A16-47C1-4010-B6B4-00577F7EF0DD}.Release|x64.ActiveCfg = Release|x64
		{A96F7A16-47C1-4010-B6B4-00577F7EF0DD}.Release|x64.Build.0 = Release|x64
		{A96F7A16-47C1-4010-B6B4-00577F7EF0DD}.Release|x86.ActiveCfg = Release|Win32
		{A96F7A16-47C1-4010-B6B4-00577F7EF0DD}.Release|x86.Build.0 = Release|Win32
		{C55D14F2-700D-4062-8C4D-29722667A535}.Debug|x64.ActiveCfg = Debug|x64
		{C55D14F2-700D-4062-8C4D-29722667A535}.Debug|x64.Build.0 = Debug|x64
		{C55D14F2-700D-4062-8C4D-29722667A535}.Debug|x86.ActiveCfg = Debug|Win32
		{C55D14F2-700D-4062-8C4D-29722667A535}.Debug|x86.Build.0 = Debug|Win32
		{C55D14F2-700D-4062-8C4D-29722667A535}.Release|x64.ActiveCfg = Release|x64
		{C55D14F2-700D-4062-8C4D-29722667A535}.Release|x64.Build.0 = Release|x64
		{C55D14F2-700D-4062-8C4D-29722667A535}.Release|x86.ActiveCfg = Release|Win32
		{C55D14F2-700D-4062-8C4D-29722667A535}.Release|x86.Build.0 = Release|Win32
		{6C13CD40-FAE6-48D6-B167-45371CF98991}.Debug|x64.ActiveCfg = Debug|x64
		{6C13CD40-FAE6-48D6-B167-45371CF98991}.Debug|x64.Build.0 = Debug|x64
		{6C13CD40-FAE6-48D6-B167-45371CF98991}.Debug|x86.ActiveCfg = Debug|Win32
		{6C13CD40-FAE6-48D6-B167-45371CF98991}.Debug|x86.Build.0 = Debug|Win32
		{6C13CD40-FAE6-48D6-B167-45371CF98991}.Release|x64.ActiveCfg = Release|x64
		{6C13CD40-FAE6-48D6-B167-45371CF98991}.Release|x64.Build.0 = Release|x64
		{6C13CD40-FAE6-48D6-B167-45371CF98991}.Release|x86.ActiveCfg = Release|Win32
		{6C13CD40-FAE6-48D6-B167-45371CF98991}.Release|x86.Build.0 = Release|Win32
		{851BEB82-AAC7-462E-8846-6E1D2616E7F4}.Debug|x64.ActiveCfg = Debug|x64
		{851BEB82-AAC7-462E-8846-6E1D2616E7F4}.Debug|x64.Build.0 = Debug|x64
		{851BEB82-AAC7-462E-8846-6E1D2616E7F4}.Debug|x86.ActiveCfg = Debug|Win32
		{851BEB82-AAC7-462E-8846-6E1D2616E7F4}.Debug|x86.Build.0 = Debug|Win32
		{851BEB82-AAC7-462E-8846-6E1D2616E7F4}.Release|x64.ActiveCfg = Release|x64
		{851BEB82-AAC7-462E-8846-6E1D2616E7F4}.Release|x64.Build.0 = Release|x64
		{851BEB82-AAC7-462E-8846-6E1D2616E7F4}.Release|x86.ActiveCfg = Release|Win32
		{851BEB82-AAC7-462E-8846-6E1D2616E7F4}.Release|x86.Build.0 = Release|Win32
		{D08981AC-06E5-40D8-8D4E-8084D74983A4}.Debug|x64.ActiveCfg = Debug|x64
		{D08981AC-06E5-40D8-8D4E-8084D74983A4}.Debug|x64.Build.0 = Debug|x64
		{D08981AC-06E5-40D8-8D4E-8084D74983A4}.Debug|x86.ActiveCfg = Debug|Win32
		{D08981AC-06E5-40D8-8D4E-8084D74983A4}.Debug|x86.Build.0 = Debug|Win32
		{D08981AC-06E5-40D8-8D4E-8084D74983A4}.Release|x64.ActiveCfg = Release|x64
		{D08981AC-06E5-40D8-8D4E-8084D74983A4}.Release|x64.Build.0 = Release|x64
		{D08981AC-06E5-40D8-8D4E-8084D74983A4}.Release|x86.ActiveCfg = Release|Win32
		{D08981AC-06E5-40D8-8D4E-8084D74983A4}.Release|x86.Build.0 = Release|Win32
		{E9CC04F4-CB8D-4BA0-8538-C7BB80458925}.Debug|x64.ActiveCfg = Debug|x64
		{E9CC04F4-CB8D-4BA0-8538-C7BB80458925}.Debug|x64.Build.0 = Debug|x64
		{E9CC04F4-CB8D-4BA0-8538-C7BB80458925}.Debug|x86.ActiveCfg = Debug|Win32
		{E9CC04F4-CB8D-4BA0-8538-C7BB80458925}.Debug|x86.Build.0 = Debug|Win32
		{E9CC04F4-CB8D-4BA0-8538-C7BB80458925}.Release|x64.ActiveCfg = Release|x64
		{E9CC04F4-CB8D-4BA0-8538-C7BB80458925}.Release|x64.Build.0 = Release|x64
		{E9CC04F4-CB8D-4BA0-8538-C7BB80458925}.Release|x86.ActiveCfg = Release|Win32
		{E9CC04F4-CB8D-4BA0-8538-C7BB80458925}.Release|x86.Build.0 = Release|Win32
		{194442ED-DDD9-4620-9EF8-5634B3868544}.Debug|x64.ActiveCfg = Debug|x64
		{194442ED-DDD9-4620-9EF8-5634B3868544}.Debug|x64.Build.0 = Debug|x64
		{194442ED-DDD9-4620-9EF8-5634B3868544}.Debug|x86.ActiveCfg = Debug|Win32
		{194442ED-DDD9-4620-9EF8-5634B3868544}.Debug|x86.Build.0 = Debug|Win32
		{194442ED-DDD9-4620-9EF8-5634B3868544}.Release|x64.ActiveCfg = Release|x64
		{194442ED-DDD9-4620-9EF8-5634B3868544}.Release|x64.Build.0 = Release|x64
		{194442ED-DDD9-4620-9EF8-5634B3868544}.Release|x86.ActiveCfg = Release|Win32
		{194442ED-DDD9-4620-9EF8-5634B3868544}.Release|x86.Build.0 = Release|Win32
		{B35ECE9F-61B8-4813-A80F-3C33E74C4FA3}.Debug|x64.ActiveCfg = Debug|x64
		{B35ECE9F-61B8-4813-A80F-3C33E74C4FA3}.Debug|x64.Build.0 = Debug|x64
		{B35ECE9F-61B8-4813-A80F-3C33E74C4FA3}.Debug|x86.ActiveCfg = Debug|Win32
		{B35ECE9F-61B8-4813-A80F-3C33E74C4FA3}.Debug|x86.Build.0 = Debug|Win32
		{B35ECE9F-61B8-4813-A80F-3C33E74C4FA3}.Release|x64.ActiveCfg = Release|x64
		{B35ECE9F-61B8-4813-A80F-3C33E74C4FA3}.Release|x64.Build.0 = Release|x64
		{B35ECE9F-61B8-4813-A80F-3C33E74C4FA3}.Release|x86.ActiveCfg = Release|Win32
		{B35ECE9F-61B8-4813-A80F-3C33E74C4FA3}.Release|x86.Build.0 = Release|Win32
		{10BF1E25-4B0A-40D6-8621-9FE10F572D60}.Debug|x64.ActiveCfg = Debug|x64
		{10BF1E25-4B0A-40D6-8621-9FE10F572D60}.Debug|x64.Build.0 = Debug|x64
		{10BF1E25-4B0A-40D6-8621-9FE10F572D60}.Debug|x86.ActiveCfg = Debug|Win32
		{10BF1E25-4B0A-40D6-8621-9FE10F572D60}.Debug|x86.Build.0 = Debug|Win32
		{10BF1E25-4B0A-40D6-8621-9FE10F572D60}.Release|x64.ActiveCfg = Release|x64
		{10BF1E25-4B0A-40D6-8621-9FE10F572D60}.Release|x64.Build.0 = Release|x64
		{10BF1E25-4B0A-40D6-8621-9FE10F572D60}.Release|x86.ActiveCfg = Release|Win32
		{10BF1E25-4B0A-40D6-8621-9FE10F572D60}.Release|x86.Build.0 = Release|Win32
		{29A6EAF6-D892-49D9-BF16-3F4F717FE2EA}.Debug|x64.ActiveCfg = Debug|x64
		{29A6EAF6-D892-49D9-BF16-3F4F717FE2EA}.Debug|x64.Build.0 = Debug|x64
		{29A6EAF6-D892-49D9-BF16-3F4F717FE2EA}.Debug|x86.ActiveCfg = Debug|Win32
		{29A6EAF6-D892-49D9-BF16-3F4F717FE2EA}.Debug|x86.Build.0 = Debug|Win32
		{29A6EAF6-D892-49D9-BF16-3F4F717FE2EA}.Release|x64.ActiveCfg = Release|x64
		{29A6EAF6-D892-49D9-BF16-3F4F717FE2EA}.Release|x64.Build.0 = Release|x64
		{29A6EAF6-D892-49D9-BF16-3F4F717FE2EA}.Release|x86.ActiveCfg = Release|Win32
		{29A6EAF6-D892-49D9-BF16-3F4F717FE2EA}.Release|x86.Build.0 = Release|Win32
		{C14B7C3D-8CC8-4175-A572-654563F772BC}.Debug|x64.ActiveCfg = Debug|x64
		{C14B7C3D-8CC8-4175-A572-654563F772BC}.Debug|x64.Build.0 = Debug|x64
		{C14B7C3D-8CC8-4175-A572-654563F772BC}.Debug|x86.ActiveCfg = Debug|Win32
		{C14B7C3D-8CC8-4175-A572-654563F772BC}.Debug|x86.Build.0 = Debug|Win32
		{C14B7C3D-8CC8-4175-A572-654563F772BC}.Release|x64.ActiveCfg = Release|x64
		{C14B7C3D-8CC8-4175-A572-654563F772BC}.Release|x64.Build.0 = Release|x64
		{C14B7C3D-8CC8-4175-A572-654563F772BC}.Release|x86.ActiveCfg = Release|Win32
		{C14B7C3D-8CC8-4175-A572-654563F772BC}.Release|x86.Build.0 = Release|Win32
		{C653ADB6-AA88-48BD-ADF4-850393756DA1}.Debug|x64.ActiveCfg = Debug|x64
		{C653ADB6-AA88-48BD-ADF4-850393756DA1}.Debug|x64.Build.0 = Debug|x64
		{C653ADB6-AA88-48BD-ADF4-850393756DA1}.Debug|x86.ActiveCfg = Debug|Win32
		{C653ADB6-AA88-48BD-ADF4-850393756DA1}.Debug|x86.Build.0 = Debug|Win32
		{C653ADB6-AA88-48BD-ADF4-850393756DA1}.Release|x64.ActiveCfg = Release|x64
		{C653ADB6-AA88-48BD-ADF4-850393756DA1}.Release|x64.Build.0 = Release|x64
		{C653ADB6-AA88-48BD-ADF4-850393756DA1}.Release|x86.ActiveCfg = Release|Win32
		{C653ADB6-AA88-48BD-ADF4-850393756DA1}.Release|x86.Build.0 = Release|Win32
		{8179B4D1-9096-4826-B035-53747F9BA1A4}.Debug|x64.ActiveCfg = Debug|x64
		{8179B4D1-9096-4826-B035-53747F9BA1A4}.Debug|x64.Build.0 = Debug|x64
		{8179B4D1-9096-4826-B035-53747F9BA1A4}.Debug|x86.ActiveCfg = Debug|Win32
		{8179B4D1-9096-4826-B035-53747F9BA1A4}.Debug|x86.Build.0 = Debug|Win32
		{8179B4D1-9096-4826-B035-53747F9BA1A4}.Release|x64.ActiveCfg = Release|x64
		{8179B4D1-9096-4826-B035-53747F9BA1A4}.Release|x64.Build.0 = Release|x64
		{8179B4D1-9096-4826-B035-53747F9BA1A4}.Release|x86.ActiveCfg = Release|Win32
		{8179B4D1-9096-4826-B035-53747F9BA1A4}.Release|x86.Build.0 = Release|Win32
		{39C215FD-EF5D-448E-AAC1-4BBB4B2D842F}.Debug|x64.ActiveCfg = Debug|x64
		{39C215FD-EF5D-448E-AAC1-4BBB4B2D842F}.Debug|x64.Build.0 = Debug|x64
		{39C215FD-EF5D-448E-AAC1-4BBB4B2D842F}.Debug|x86.ActiveCfg = Debug|Win32
		{39C215FD-EF5D-448E-AAC1-4BBB4B2D842F}.Debug|x86.Build.0 = Debug|Win32
		{39C215FD-EF5D-448E-AAC1-4BBB4B2D842F}.Release|x64.ActiveCfg = Release|x64
		{39C215FD-EF5D-448E-AAC1-4BBB4B2D842F}.Release|x64.Build.0 = Release|x64
		{39C215FD-EF5D-448E-AAC1-4BBB4B2D842F}.Release|x86.ActiveCfg = Release|Win32
		{39C215FD-EF5D-448E-AAC1-4BBB4B2D842F}.Release|x86.Build.0 = Release|Win32
		{4AF181FA-53C0-4E6E-B1E0-186F6CEC8CC5}.Debug|x64.ActiveCfg = Debug|x64
		{4AF181FA-53C0-4E6E-B1E0-186F6CEC8CC5}.Debug|x64.Build.0 = Debug|x64
		{4AF181FA-53C0-4E6E-B1E0-186F6CEC8CC5}.Debug|x86.ActiveCfg = Debug|Win32
		{4AF181FA-53C0-4E6E-B1E0-186F6CEC8CC5}.Debug|x86.Build.0 = Debug|Win32
		{4AF181FA-53C0-4E6E-B1E0-186F6CEC8CC5}.Release|x64.ActiveCfg = Release|x64
		{4AF181FA-53C0-4E6E-B1E0-186F6CEC8CC5}.Release|x64.Build.0 = Release|x64
		{4AF181FA-53C0-4E6E-B1E0-186F6CEC8CC5}.Release|x86.ActiveCfg = Release|Win32
		{4AF181FA-53C0-4E6E-B1E0-186F6CEC8CC5}.Release|x86.Build.0 = Release|Win32
		{6325C22E-709C-414D-B77E-D87796D18E97}.Debug|x64.ActiveCfg = Debug|x64
		{6325C22E-709C-414D-B77E-D87796D18E97}.Debug|x64.Build.0 = Debug|x64
		{6325C22E-709C-414D-B77E-D87796D18E97}.Debug|x86.ActiveCfg = Debug|Win32
		{6325C22E-709C-414D-B77E-D87796D18E97}.Debug|x86.Build.0 = Debug|Win32
		{6325C22E-709C-414D-B77E-D87796D18E97}.Release|x64.ActiveCfg = Release|x64
		{6325C22E-709C-414D-B77E-D87796D18E97}.Release|x64.Build.0 = Release|x64
		{6325C22E-709C-414D-B77E-D87796D18E97}.Release|x86.ActiveCfg = Release|Win32
		{6325C22E-709C-414D-B77E-D87796D18E97}.Release|x86.Build.0 = Release|Win32
		{5BADF885-20C0-43F0-8CFD-77BC5C6ABC88}.Debug|x64.ActiveCfg = Debug|x64
		{5BADF885-20C0-43F0-8CFD-77BC5C6ABC88}.Debug|x64.Build.0 = Debug|x64
		{5BADF885-20C0-43F0-8CFD-77BC5C6ABC88}.Debug|x86.ActiveCfg = Debug|Win32
		{5BADF885-20C0-43F0-8CFD-77BC5C6ABC88}.Debug|x86.Build.0 = Debug|Win32
		{5BADF885-20C0-43F0-8CFD-77BC5C6ABC88}.Release|x64.ActiveCfg = Release|x64
		{5BADF885-20C0-43F0-8CFD-77BC5C6ABC88}.Release|x64.Build.0 = Release|x64
		{5BADF885-20C0-43F0-8CFD-77BC5C6ABC88}.Release|x86.ActiveCfg = Release|Win32
		{5BADF885-20C0-43F0-8CFD-77BC5C6ABC88}.Release|x86.Build.0 = Release|Win32
		{8B15BFBE-93C5-4EA9-A482-91422F59B3DE}.Debug|x64.ActiveCfg = Debug|x64
		{8B15BFBE-93C5-4EA9-A482-91422F59B3DE}.Debug|x64.Build.0 = Debug|x64
		{8B15BFBE-93C5-4EA9-A482-91422F59B3DE}.Debug|x86.ActiveCfg = Debug|Win32
		{8B15BFBE-93C5-4EA9-A482-91422F59B3DE}.Debug|x86.Build.0 = Debug|Win32
		{8B15BFBE-93C5-4EA9-A482-91422F59B3DE}.Release|x64.ActiveCfg = Release|x64
		{8B15BFBE-93C5-4EA9-A482-91422F59B3DE}.Release|x64.Build.0 = Release|x64
		{8B15BFBE-93C5-4EA9-A482-91422F59B3DE}.Release|x86.ActiveCfg = Release|Win32
		{8B15BFBE-93C5-4EA9-A482-91422F59B3DE}.Release|x86.Build.0 = Release|Win32
		{E86CF0FA-07BE-4096-8EB5-159CE9BC0226}.Debug|x64.ActiveCfg = Debug|x64
		{E86CF0FA-07BE-4096-8EB5-159CE9BC0226}.Debug|x64.Build.0 = Debug|x64
		{E86CF0FA-07BE-4096-8EB5-159CE9BC0226}.Debug|x86.ActiveCfg = Debug|Win32
		{E86CF0FA-07BE-4096-8EB5-159CE9BC0226}.Debug|x86.Build.0 = Debug|Win32
		{E86CF0FA-07BE-4096-8EB5-159CE9BC0226}.Release|x64.ActiveCfg = Release|x64
		{E86CF0FA-07BE-4096-8EB5-159CE9BC0226}.Release|x64.Build.0 = Release|x64
		{E86CF0FA-07BE-4096-8EB5-159CE9BC0226}.Release|x86.ActiveCfg = Release|Win32
		{E86CF0FA-07BE-4096-8EB5-159CE9BC0226}.Release|x86.Build.0 = Release|Win32
		{55159C60-2148-4908-870B-4BAE7A77E297}.Debug|x64.ActiveCfg = Debug|x64
		{55159C60-2148-4908-870B-4BAE7A77E297}.Debug|x64.Build.0 = Debug|x64
		{55159C60-2148-4908-870B-4BAE7A77E297}.Debug|x86.ActiveCfg = Debug|Win32
		{55159C60-2148-4908-870B-4BAE7A77E297}.Debug|x86.Build.0 = Debug|Win32
		{55159C60-2148-4908-870B-4BAE7A77E297}.Release|x64.ActiveCfg = Release|x64
		{55159C60-2148-4908-870B-4BAE7A77E297}.Release|x64.Build.0 = Release|x64
		{55159C60-2148-4908-870B-4BAE7A77E297}.Release|x86.ActiveCfg = Release|Win32
		{55159C60-2148-4908-870B-4BAE7A77E297}.Release|x86.Build.0 = Release|Win32
		{39877462-0765-4005-A1E0-FF24355A04A6}.Debug|x64.ActiveCfg = Debug|x64
		{39877462-0765-4005-A1E0-FF24355A04A6}.Debug|x64.Build.0 = Debug|x64
		{39877462-0765-4005-A1E0-FF24355A04A6}.Debug|x86.ActiveCfg = Debug|Win32
		{39877462-0765-4005-A1E0-FF24355A04A6}.Debug|x86.Build.0 = Debug|Win32
		{39877462-0765-4005-A1E0-FF24355A04A6}.Release|x64.ActiveCfg = Release|x64
		{39877462-0765-4005-A1E0-FF24355A04A6}.Release|x64.Build.0 = Release|x64
		{39877462-0765-4005-A1E0-FF24355A04A6}.Release|x86.ActiveCfg = Release|Win32
		{39877462-0765-4005-A1E0-FF24355A04A6}.Release|x86.Build.0 = Release|Win32
		{D5B8581F-D27C-4F99-B7EB-35758D805C98}.Debug|x64.ActiveCfg = Debug|x64
		{D5B8581F-D27C-4F99-B7EB-35758D805C98}.Debug|x64.Build.0 = Debug|x64
		{D5B8581F-D27C-4F99-B7EB-35758D805C98}.Debug|x86.ActiveCfg = Debug|Win32
		{D5B8581F-D27C-4F99-B7EB-35758D805C98}.Debug|x86.Build.0 = Debug|Win32
		{D5B8581F-D27C-4F99-B7EB-35758D805C98}.Release|x64.ActiveCfg = Release|x64
		{D5B8581F-D27C-4F99-B7EB-35758D805C98}.Release|x64.Build.0 = Release|x64
		{D5B8581F-D27C-4F99-B7EB-35758D805C98}.Release|x86.ActiveCfg = Release|Win32
		{D5B8581F-D27C-4F99-B7EB-35758D805C98}.Release|x86.Build.0 = Release|Win32
		{F23A884E-29A4-4CFE-AA2D-84B7E9273CE3}.Debug|x64.ActiveCfg = Debug|x64
		{F23A884E-29A4-4CFE-AA2D-84B7E9273CE3}.Debug|x64.Build.0 = Debug|x64
		{F23A884E-29A4-4CFE-AA2D-84B7E9273CE3}.Debug|x86.ActiveCfg = Debug|Win32
		{F23A884E-29A4-4CFE-AA2D-84B7E9273CE3}.Debug|x86.Build.0 = Debug|Win32
		{F23A884E-29A4-4CFE-AA2D-84B7E9273CE3}.Release|x64.ActiveCfg = Release|x64
		{F23A884E-29A4-4CFE-AA2D-84B7E9273CE3}.Release|x64.Build.0 = Release|x64
		{F23A884E-29A4-4CFE-AA2D-84B7E9273CE3}.Release|x86.ActiveCfg = Release|Win32
		{F23A884E-29A4-4CFE-AA2D-84B7E9273CE3}.Release|x86.Build.0 = Release|Win32
		{89D95D9E-573C-47EE-AF7F-F577A73B1E22}.Debug|x64.ActiveCfg = Debug|x64
		{89D95D9E-573C-47EE-AF7F-F577A73B1E22}.Debug|x64.Build.0 = Debug|x64
		{89D95D9E-573C-47EE-AF7F-F577A73B1E22}.Debug|x86.ActiveCfg = Debug|Win32
		{89D95D9E-573C-47EE-AF7F-F577A73B1E22}.Debug|x86.Build.0 = Debug|Win32
		{89D95D9E-573C-47EE-AF7F-F577A73B1E22}.Release|x64.ActiveCfg = Release|x64
		{89D95D9E-573C-47EE-AF7F-F577A73B1E22}.Release|x64.Build.0 = Release|x64
		{89D95D9E-573C-47EE-AF7F-F577A73B1E22}.Release|x86.ActiveCfg = Release|Win32
		{89D95D9E-573C-47EE-AF7F-F577A73B1E22}.Release|x86.Build.0 = Release|Win32
	EndGlobalSection
	GlobalSection(SolutionProperties) = preSolution
		HideSolutionNode = FALSE
	EndGlobalSection
	GlobalSection(NestedProjects) = preSolution
		{A2349733-4C58-4023-B6EC-806CA1BFE25E} = {E9B16131-15C6-426E-B614-CBA6F5C6F7D7}
		{A3F2764B-3457-4749-9AE4-A23FD2E03E9B} = {C909D0A5-782B-4626-9BF4-3C5607360BB5}
		{853263E0-F699-4E69-A733-A474B82867D7} = {C909D0A5-782B-4626-9BF4-3C5607360BB5}
		{CD520737-61FB-45D6-A95D-E8159FECD3FF} = {E9B16131-15C6-426E-B614-CBA6F5C6F7D7}
		{E9B16131-15C6-426E-B614-CBA6F5C6F7D7} = {686723A5-E63B-41B2-94B9-906395FA1ECD}
		{B2974D2C-C3CD-486E-9566-C61AA958738B} = {686723A5-E63B-41B2-94B9-906395FA1ECD}
		{63A5FDAB-0143-450F-B17A-48437E7DF794} = {B2974D2C-C3CD-486E-9566-C61AA958738B}
		{22B828D3-B210-4D01-86F7-9FB7EB0262D3} = {E9B16131-15C6-426E-B614-CBA6F5C6F7D7}
		{DA8D7521-250A-4324-AD2C-81DB84611608} = {B2974D2C-C3CD-486E-9566-C61AA958738B}
		{A96F7A16-47C1-4010-B6B4-00577F7EF0DD} = {B2974D2C-C3CD-486E-9566-C61AA958738B}
		{C55D14F2-700D-4062-8C4D-29722667A535} = {9BA9B927-D0BC-4C9F-8577-36107AF76AED}
		{6C13CD40-FAE6-48D6-B167-45371CF98991} = {9BA9B927-D0BC-4C9F-8577-36107AF76AED}
		{851BEB82-AAC7-462E-8846-6E1D2616E7F4} = {9BA9B927-D0BC-4C9F-8577-36107AF76AED}
		{D08981AC-06E5-40D8-8D4E-8084D74983A4} = {B2974D2C-C3CD-486E-9566-C61AA958738B}
		{E9CC04F4-CB8D-4BA0-8538-C7BB80458925} = {E9B16131-15C6-426E-B614-CBA6F5C6F7D7}
		{194442ED-DDD9-4620-9EF8-5634B3868544} = {E9B16131-15C6-426E-B614-CBA6F5C6F7D7}
		{B35ECE9F-61B8-4813-A80F-3C33E74C4FA3} = {54B22E54-B57C-4C78-83E3-6B6FB7C2A9CE}
		{10BF1E25-4B0A-40D6-8621-9FE10F572D60} = {51C8B48F-3B68-44B8-9767-20F3540AAE3E}
		{51C8B48F-3B68-44B8-9767-20F3540AAE3E} = {54B22E54-B57C-4C78-83E3-6B6FB7C2A9CE}
		{8179B4D1-9096-4826-B035-53747F9BA1A4} = {B2974D2C-C3CD-486E-9566-C61AA958738B}
		{F23A884E-29A4-4CFE-AA2D-84B7E9273CE3} = {B2974D2C-C3CD-486E-9566-C61AA958738B}
	EndGlobalSection
EndGlobal
