
Microsoft Visual Studio Solution File, Format Version 12.00
# Visual Studio 15
VisualStudioVersion = 15.0.26730.16
MinimumVisualStudioVersion = 10.0.40219.1
Project("{8BC9CEB8-8B4A-11D0-8D11-00A0C91BC942}") = "FriendsOfFriends", "FriendsOfFriends\FriendsOfFriends.vcxproj", "{ECF1DF5E-9A72-4D16-8689-FEBE310FF321}"
EndProject
Project("{8BC9CEB8-8B4A-11D0-8D11-00A0C91BC942}") = "TransformTheExpression", "TransformTheExpression\TransformTheExpression.vcxproj", "{8CC5DB65-57B4-432B-A62C-BAD464434E3A}"
EndProject
Project("{2150E333-8FDC-42A3-9474-1A3956D46DE8}") = "Parsing", "Parsing", "{726BC280-84CD-494B-89A7-54D94EF6CFB3}"
EndProject
Project("{2150E333-8FDC-42A3-9474-1A3956D46DE8}") = "Stack", "Stack", "{AC3FEFB5-C624-48E1-96B7-C124D159A26B}"
EndProject
Project("{8BC9CEB8-8B4A-11D0-8D11-00A0C91BC942}") = "Seinfeld", "Seinfeld\Seinfeld.vcxproj", "{B0384B5B-4D28-48BB-BB40-CE6A911B48E0}"
EndProject
Project("{8BC9CEB8-8B4A-11D0-8D11-00A0C91BC942}") = "DQuery", "DQuery\DQuery.vcxproj", "{27BAA55B-F959-4547-86DD-B19AC4D207A5}"
EndProject
Global
	GlobalSection(SolutionConfigurationPlatforms) = preSolution
		Debug|x64 = Debug|x64
		Debug|x86 = Debug|x86
		Release|x64 = Release|x64
		Release|x86 = Release|x86
	EndGlobalSection
	GlobalSection(ProjectConfigurationPlatforms) = postSolution
		{ECF1DF5E-9A72-4D16-8689-FEBE310FF321}.Debug|x64.ActiveCfg = Debug|x64
		{ECF1DF5E-9A72-4D16-8689-FEBE310FF321}.Debug|x64.Build.0 = Debug|x64
		{ECF1DF5E-9A72-4D16-8689-FEBE310FF321}.Debug|x86.ActiveCfg = Debug|Win32
		{ECF1DF5E-9A72-4D16-8689-FEBE310FF321}.Debug|x86.Build.0 = Debug|Win32
		{ECF1DF5E-9A72-4D16-8689-FEBE310FF321}.Release|x64.ActiveCfg = Release|x64
		{ECF1DF5E-9A72-4D16-8689-FEBE310FF321}.Release|x64.Build.0 = Release|x64
		{ECF1DF5E-9A72-4D16-8689-FEBE310FF321}.Release|x86.ActiveCfg = Release|Win32
		{ECF1DF5E-9A72-4D16-8689-FEBE310FF321}.Release|x86.Build.0 = Release|Win32
		{8CC5DB65-57B4-432B-A62C-BAD464434E3A}.Debug|x64.ActiveCfg = Debug|x64
		{8CC5DB65-57B4-432B-A62C-BAD464434E3A}.Debug|x64.Build.0 = Debug|x64
		{8CC5DB65-57B4-432B-A62C-BAD464434E3A}.Debug|x86.ActiveCfg = Debug|Win32
		{8CC5DB65-57B4-432B-A62C-BAD464434E3A}.Debug|x86.Build.0 = Debug|Win32
		{8CC5DB65-57B4-432B-A62C-BAD464434E3A}.Release|x64.ActiveCfg = Release|x64
		{8CC5DB65-57B4-432B-A62C-BAD464434E3A}.Release|x64.Build.0 = Release|x64
		{8CC5DB65-57B4-432B-A62C-BAD464434E3A}.Release|x86.ActiveCfg = Release|Win32
		{8CC5DB65-57B4-432B-A62C-BAD464434E3A}.Release|x86.Build.0 = Release|Win32
		{B0384B5B-4D28-48BB-BB40-CE6A911B48E0}.Debug|x64.ActiveCfg = Debug|x64
		{B0384B5B-4D28-48BB-BB40-CE6A911B48E0}.Debug|x64.Build.0 = Debug|x64
		{B0384B5B-4D28-48BB-BB40-CE6A911B48E0}.Debug|x86.ActiveCfg = Debug|Win32
		{B0384B5B-4D28-48BB-BB40-CE6A911B48E0}.Debug|x86.Build.0 = Debug|Win32
		{B0384B5B-4D28-48BB-BB40-CE6A911B48E0}.Release|x64.ActiveCfg = Release|x64
		{B0384B5B-4D28-48BB-BB40-CE6A911B48E0}.Release|x64.Build.0 = Release|x64
		{B0384B5B-4D28-48BB-BB40-CE6A911B48E0}.Release|x86.ActiveCfg = Release|Win32
		{B0384B5B-4D28-48BB-BB40-CE6A911B48E0}.Release|x86.Build.0 = Release|Win32
		{27BAA55B-F959-4547-86DD-B19AC4D207A5}.Debug|x64.ActiveCfg = Debug|x64
		{27BAA55B-F959-4547-86DD-B19AC4D207A5}.Debug|x64.Build.0 = Debug|x64
		{27BAA55B-F959-4547-86DD-B19AC4D207A5}.Debug|x86.ActiveCfg = Debug|Win32
		{27BAA55B-F959-4547-86DD-B19AC4D207A5}.Debug|x86.Build.0 = Debug|Win32
		{27BAA55B-F959-4547-86DD-B19AC4D207A5}.Release|x64.ActiveCfg = Release|x64
		{27BAA55B-F959-4547-86DD-B19AC4D207A5}.Release|x64.Build.0 = Release|x64
		{27BAA55B-F959-4547-86DD-B19AC4D207A5}.Release|x86.ActiveCfg = Release|Win32
		{27BAA55B-F959-4547-86DD-B19AC4D207A5}.Release|x86.Build.0 = Release|Win32
	EndGlobalSection
	GlobalSection(SolutionProperties) = preSolution
		HideSolutionNode = FALSE
	EndGlobalSection
	GlobalSection(NestedProjects) = preSolution
		{8CC5DB65-57B4-432B-A62C-BAD464434E3A} = {AC3FEFB5-C624-48E1-96B7-C124D159A26B}
		{AC3FEFB5-C624-48E1-96B7-C124D159A26B} = {726BC280-84CD-494B-89A7-54D94EF6CFB3}
		{B0384B5B-4D28-48BB-BB40-CE6A911B48E0} = {AC3FEFB5-C624-48E1-96B7-C124D159A26B}
	EndGlobalSection
	GlobalSection(ExtensibilityGlobals) = postSolution
		SolutionGuid = {F8B78B60-8A4A-4DA6-98B4-5A363209D3BD}
	EndGlobalSection
EndGlobal
