
Microsoft Visual Studio Solution File, Format Version 12.00
# Visual Studio 14
VisualStudioVersion = 14.0.25123.0
MinimumVisualStudioVersion = 10.0.40219.1
Project("{FAE04EC0-301F-11D3-BF4B-00C04F79EFBC}") = "ForecastApp.Implementation", "ForecastApp.Implementation\ForecastApp.Implementation.csproj", "{52C65249-E418-45B0-920C-8A1DCE48B238}"
EndProject
Project("{FAE04EC0-301F-11D3-BF4B-00C04F79EFBC}") = "Forecast.Station", "Forecast.Station\Forecast.Station.csproj", "{7EAFB22E-081B-4C68-91F6-2467B9BD0709}"
EndProject
Global
	GlobalSection(SolutionConfigurationPlatforms) = preSolution
		Debug|Any CPU = Debug|Any CPU
		Release|Any CPU = Release|Any CPU
	EndGlobalSection
	GlobalSection(ProjectConfigurationPlatforms) = postSolution
		{52C65249-E418-45B0-920C-8A1DCE48B238}.Debug|Any CPU.ActiveCfg = Debug|Any CPU
		{52C65249-E418-45B0-920C-8A1DCE48B238}.Debug|Any CPU.Build.0 = Debug|Any CPU
		{52C65249-E418-45B0-920C-8A1DCE48B238}.Release|Any CPU.ActiveCfg = Release|Any CPU
		{52C65249-E418-45B0-920C-8A1DCE48B238}.Release|Any CPU.Build.0 = Release|Any CPU
		{7EAFB22E-081B-4C68-91F6-2467B9BD0709}.Debug|Any CPU.ActiveCfg = Debug|Any CPU
		{7EAFB22E-081B-4C68-91F6-2467B9BD0709}.Debug|Any CPU.Build.0 = Debug|Any CPU
		{7EAFB22E-081B-4C68-91F6-2467B9BD0709}.Release|Any CPU.ActiveCfg = Release|Any CPU
		{7EAFB22E-081B-4C68-91F6-2467B9BD0709}.Release|Any CPU.Build.0 = Release|Any CPU
	EndGlobalSection
	GlobalSection(SolutionProperties) = preSolution
		HideSolutionNode = FALSE
	EndGlobalSection
EndGlobal
