
Microsoft Visual Studio Solution File, Format Version 12.00
# Visual Studio 14
VisualStudioVersion = 14.0.25420.1
MinimumVisualStudioVersion = 10.0.40219.1
Project("{8BC9CEB8-8B4A-11D0-8D11-00A0C91BC942}") = "InversionsCounter", "InversionsCounter\InversionsCounter.vcxproj", "{D820D886-9D94-4BA4-9762-44F868E264AC}"
EndProject
Project("{8BC9CEB8-8B4A-11D0-8D11-00A0C91BC942}") = "Yodaness", "Yodaness\Yodaness.vcxproj", "{338E4206-02DB-465B-83ED-94B9DD0892AC}"
EndProject
Project("{8BC9CEB8-8B4A-11D0-8D11-00A0C91BC942}") = "Sorting Bank Accounts", "Sorting Bank Accounts\Sorting Bank Accounts.vcxproj", "{33569AD7-8770-4639-870F-396B41E81511}"
EndProject
Project("{8BC9CEB8-8B4A-11D0-8D11-00A0C91BC942}") = "AggresiveCows", "AggresiveCows\AggresiveCows.vcxproj", "{C61C7B12-0901-4BAA-8FB3-3DD3938BF1A3}"
EndProject
Project("{2150E333-8FDC-42A3-9474-1A3956D46DE8}") = "BinarySearch", "BinarySearch", "{23BE4664-EB1F-4523-A36E-97E19378A54D}"
EndProject
Project("{8BC9CEB8-8B4A-11D0-8D11-00A0C91BC942}") = "Assembly line", "..\Greedy\Greedy\Assembly line\Assembly line.vcxproj", "{405F820B-0A5E-4A7C-A388-AF6F33E26A40}"
EndProject
Project("{8BC9CEB8-8B4A-11D0-8D11-00A0C91BC942}") = "FillTheCisterns", "FillTheCisterns\FillTheCisterns.vcxproj", "{C746E66C-72C2-4356-B431-6AB4EC99CC47}"
EndProject
Project("{8BC9CEB8-8B4A-11D0-8D11-00A0C91BC942}") = "HackRandom", "HackRandom\HackRandom.vcxproj", "{C549F0BE-F4C9-4E30-985B-187C1C5A6ACA}"
EndProject
Project("{8BC9CEB8-8B4A-11D0-8D11-00A0C91BC942}") = "CopyingBooks", "CopyingBooks\CopyingBooks.vcxproj", "{33D91A19-C2D3-4CCC-AEA5-529D614DA252}"
EndProject
Project("{8BC9CEB8-8B4A-11D0-8D11-00A0C91BC942}") = "Eko", "Eko\Eko.vcxproj", "{50C75147-A223-4E62-BC3F-B19090C85C2E}"
EndProject
Global
	GlobalSection(SolutionConfigurationPlatforms) = preSolution
		Debug|x64 = Debug|x64
		Debug|x86 = Debug|x86
		Release|x64 = Release|x64
		Release|x86 = Release|x86
	EndGlobalSection
	GlobalSection(ProjectConfigurationPlatforms) = postSolution
		{D820D886-9D94-4BA4-9762-44F868E264AC}.Debug|x64.ActiveCfg = Debug|x64
		{D820D886-9D94-4BA4-9762-44F868E264AC}.Debug|x64.Build.0 = Debug|x64
		{D820D886-9D94-4BA4-9762-44F868E264AC}.Debug|x86.ActiveCfg = Debug|Win32
		{D820D886-9D94-4BA4-9762-44F868E264AC}.Debug|x86.Build.0 = Debug|Win32
		{D820D886-9D94-4BA4-9762-44F868E264AC}.Release|x64.ActiveCfg = Release|x64
		{D820D886-9D94-4BA4-9762-44F868E264AC}.Release|x64.Build.0 = Release|x64
		{D820D886-9D94-4BA4-9762-44F868E264AC}.Release|x86.ActiveCfg = Release|Win32
		{D820D886-9D94-4BA4-9762-44F868E264AC}.Release|x86.Build.0 = Release|Win32
		{338E4206-02DB-465B-83ED-94B9DD0892AC}.Debug|x64.ActiveCfg = Debug|x64
		{338E4206-02DB-465B-83ED-94B9DD0892AC}.Debug|x64.Build.0 = Debug|x64
		{338E4206-02DB-465B-83ED-94B9DD0892AC}.Debug|x86.ActiveCfg = Debug|Win32
		{338E4206-02DB-465B-83ED-94B9DD0892AC}.Debug|x86.Build.0 = Debug|Win32
		{338E4206-02DB-465B-83ED-94B9DD0892AC}.Release|x64.ActiveCfg = Release|x64
		{338E4206-02DB-465B-83ED-94B9DD0892AC}.Release|x64.Build.0 = Release|x64
		{338E4206-02DB-465B-83ED-94B9DD0892AC}.Release|x86.ActiveCfg = Release|Win32
		{338E4206-02DB-465B-83ED-94B9DD0892AC}.Release|x86.Build.0 = Release|Win32
		{33569AD7-8770-4639-870F-396B41E81511}.Debug|x64.ActiveCfg = Debug|x64
		{33569AD7-8770-4639-870F-396B41E81511}.Debug|x64.Build.0 = Debug|x64
		{33569AD7-8770-4639-870F-396B41E81511}.Debug|x86.ActiveCfg = Debug|Win32
		{33569AD7-8770-4639-870F-396B41E81511}.Debug|x86.Build.0 = Debug|Win32
		{33569AD7-8770-4639-870F-396B41E81511}.Release|x64.ActiveCfg = Release|x64
		{33569AD7-8770-4639-870F-396B41E81511}.Release|x64.Build.0 = Release|x64
		{33569AD7-8770-4639-870F-396B41E81511}.Release|x86.ActiveCfg = Release|Win32
		{33569AD7-8770-4639-870F-396B41E81511}.Release|x86.Build.0 = Release|Win32
		{C61C7B12-0901-4BAA-8FB3-3DD3938BF1A3}.Debug|x64.ActiveCfg = Debug|x64
		{C61C7B12-0901-4BAA-8FB3-3DD3938BF1A3}.Debug|x64.Build.0 = Debug|x64
		{C61C7B12-0901-4BAA-8FB3-3DD3938BF1A3}.Debug|x86.ActiveCfg = Debug|Win32
		{C61C7B12-0901-4BAA-8FB3-3DD3938BF1A3}.Debug|x86.Build.0 = Debug|Win32
		{C61C7B12-0901-4BAA-8FB3-3DD3938BF1A3}.Release|x64.ActiveCfg = Release|x64
		{C61C7B12-0901-4BAA-8FB3-3DD3938BF1A3}.Release|x64.Build.0 = Release|x64
		{C61C7B12-0901-4BAA-8FB3-3DD3938BF1A3}.Release|x86.ActiveCfg = Release|Win32
		{C61C7B12-0901-4BAA-8FB3-3DD3938BF1A3}.Release|x86.Build.0 = Release|Win32
		{405F820B-0A5E-4A7C-A388-AF6F33E26A40}.Debug|x64.ActiveCfg = Debug|x64
		{405F820B-0A5E-4A7C-A388-AF6F33E26A40}.Debug|x64.Build.0 = Debug|x64
		{405F820B-0A5E-4A7C-A388-AF6F33E26A40}.Debug|x86.ActiveCfg = Debug|Win32
		{405F820B-0A5E-4A7C-A388-AF6F33E26A40}.Debug|x86.Build.0 = Debug|Win32
		{405F820B-0A5E-4A7C-A388-AF6F33E26A40}.Release|x64.ActiveCfg = Release|x64
		{405F820B-0A5E-4A7C-A388-AF6F33E26A40}.Release|x64.Build.0 = Release|x64
		{405F820B-0A5E-4A7C-A388-AF6F33E26A40}.Release|x86.ActiveCfg = Release|Win32
		{405F820B-0A5E-4A7C-A388-AF6F33E26A40}.Release|x86.Build.0 = Release|Win32
		{C746E66C-72C2-4356-B431-6AB4EC99CC47}.Debug|x64.ActiveCfg = Debug|x64
		{C746E66C-72C2-4356-B431-6AB4EC99CC47}.Debug|x64.Build.0 = Debug|x64
		{C746E66C-72C2-4356-B431-6AB4EC99CC47}.Debug|x86.ActiveCfg = Debug|Win32
		{C746E66C-72C2-4356-B431-6AB4EC99CC47}.Debug|x86.Build.0 = Debug|Win32
		{C746E66C-72C2-4356-B431-6AB4EC99CC47}.Release|x64.ActiveCfg = Release|x64
		{C746E66C-72C2-4356-B431-6AB4EC99CC47}.Release|x64.Build.0 = Release|x64
		{C746E66C-72C2-4356-B431-6AB4EC99CC47}.Release|x86.ActiveCfg = Release|Win32
		{C746E66C-72C2-4356-B431-6AB4EC99CC47}.Release|x86.Build.0 = Release|Win32
		{C549F0BE-F4C9-4E30-985B-187C1C5A6ACA}.Debug|x64.ActiveCfg = Debug|x64
		{C549F0BE-F4C9-4E30-985B-187C1C5A6ACA}.Debug|x64.Build.0 = Debug|x64
		{C549F0BE-F4C9-4E30-985B-187C1C5A6ACA}.Debug|x86.ActiveCfg = Debug|Win32
		{C549F0BE-F4C9-4E30-985B-187C1C5A6ACA}.Debug|x86.Build.0 = Debug|Win32
		{C549F0BE-F4C9-4E30-985B-187C1C5A6ACA}.Release|x64.ActiveCfg = Release|x64
		{C549F0BE-F4C9-4E30-985B-187C1C5A6ACA}.Release|x64.Build.0 = Release|x64
		{C549F0BE-F4C9-4E30-985B-187C1C5A6ACA}.Release|x86.ActiveCfg = Release|Win32
		{C549F0BE-F4C9-4E30-985B-187C1C5A6ACA}.Release|x86.Build.0 = Release|Win32
		{33D91A19-C2D3-4CCC-AEA5-529D614DA252}.Debug|x64.ActiveCfg = Debug|x64
		{33D91A19-C2D3-4CCC-AEA5-529D614DA252}.Debug|x64.Build.0 = Debug|x64
		{33D91A19-C2D3-4CCC-AEA5-529D614DA252}.Debug|x86.ActiveCfg = Debug|Win32
		{33D91A19-C2D3-4CCC-AEA5-529D614DA252}.Debug|x86.Build.0 = Debug|Win32
		{33D91A19-C2D3-4CCC-AEA5-529D614DA252}.Release|x64.ActiveCfg = Release|x64
		{33D91A19-C2D3-4CCC-AEA5-529D614DA252}.Release|x64.Build.0 = Release|x64
		{33D91A19-C2D3-4CCC-AEA5-529D614DA252}.Release|x86.ActiveCfg = Release|Win32
		{33D91A19-C2D3-4CCC-AEA5-529D614DA252}.Release|x86.Build.0 = Release|Win32
		{50C75147-A223-4E62-BC3F-B19090C85C2E}.Debug|x64.ActiveCfg = Debug|x64
		{50C75147-A223-4E62-BC3F-B19090C85C2E}.Debug|x64.Build.0 = Debug|x64
		{50C75147-A223-4E62-BC3F-B19090C85C2E}.Debug|x86.ActiveCfg = Debug|Win32
		{50C75147-A223-4E62-BC3F-B19090C85C2E}.Debug|x86.Build.0 = Debug|Win32
		{50C75147-A223-4E62-BC3F-B19090C85C2E}.Release|x64.ActiveCfg = Release|x64
		{50C75147-A223-4E62-BC3F-B19090C85C2E}.Release|x64.Build.0 = Release|x64
		{50C75147-A223-4E62-BC3F-B19090C85C2E}.Release|x86.ActiveCfg = Release|Win32
		{50C75147-A223-4E62-BC3F-B19090C85C2E}.Release|x86.Build.0 = Release|Win32
	EndGlobalSection
	GlobalSection(SolutionProperties) = preSolution
		HideSolutionNode = FALSE
	EndGlobalSection
	GlobalSection(NestedProjects) = preSolution
		{C61C7B12-0901-4BAA-8FB3-3DD3938BF1A3} = {23BE4664-EB1F-4523-A36E-97E19378A54D}
		{405F820B-0A5E-4A7C-A388-AF6F33E26A40} = {23BE4664-EB1F-4523-A36E-97E19378A54D}
		{C746E66C-72C2-4356-B431-6AB4EC99CC47} = {23BE4664-EB1F-4523-A36E-97E19378A54D}
		{C549F0BE-F4C9-4E30-985B-187C1C5A6ACA} = {23BE4664-EB1F-4523-A36E-97E19378A54D}
		{33D91A19-C2D3-4CCC-AEA5-529D614DA252} = {23BE4664-EB1F-4523-A36E-97E19378A54D}
		{50C75147-A223-4E62-BC3F-B19090C85C2E} = {23BE4664-EB1F-4523-A36E-97E19378A54D}
	EndGlobalSection
EndGlobal
