
Microsoft Visual Studio Solution File, Format Version 12.00
# Visual Studio 14
VisualStudioVersion = 14.0.25420.1
MinimumVisualStudioVersion = 10.0.40219.1
Project("{FAE04EC0-301F-11D3-BF4B-00C04F79EFBC}") = "KnightsTour", "KnightsTour\KnightsTour.csproj", "{D8C9B164-2F72-4BFD-ADBF-97EB3A21706A}"
EndProject
Project("{FAE04EC0-301F-11D3-BF4B-00C04F79EFBC}") = "FindWordInMatrix", "FindWordInMatrix\FindWordInMatrix.csproj", "{4C79BB48-48EC-4312-AD77-0C8B1465ACC0}"
EndProject
Project("{FAE04EC0-301F-11D3-BF4B-00C04F79EFBC}") = "RatInAMazeProblem", "RatInAMazeProblem\RatInAMazeProblem.csproj", "{35F69F65-B549-4717-8E33-0596F04D29FE}"
EndProject
Project("{FAE04EC0-301F-11D3-BF4B-00C04F79EFBC}") = "NQueensPuzzle", "NQueensPuzzle\NQueensPuzzle.csproj", "{ACB0726B-A060-46C9-8CB8-DC4EEC372C2D}"
EndProject
Global
	GlobalSection(SolutionConfigurationPlatforms) = preSolution
		Debug|Any CPU = Debug|Any CPU
		Release|Any CPU = Release|Any CPU
	EndGlobalSection
	GlobalSection(ProjectConfigurationPlatforms) = postSolution
		{D8C9B164-2F72-4BFD-ADBF-97EB3A21706A}.Debug|Any CPU.ActiveCfg = Debug|Any CPU
		{D8C9B164-2F72-4BFD-ADBF-97EB3A21706A}.Debug|Any CPU.Build.0 = Debug|Any CPU
		{D8C9B164-2F72-4BFD-ADBF-97EB3A21706A}.Release|Any CPU.ActiveCfg = Release|Any CPU
		{D8C9B164-2F72-4BFD-ADBF-97EB3A21706A}.Release|Any CPU.Build.0 = Release|Any CPU
		{4C79BB48-48EC-4312-AD77-0C8B1465ACC0}.Debug|Any CPU.ActiveCfg = Debug|Any CPU
		{4C79BB48-48EC-4312-AD77-0C8B1465ACC0}.Debug|Any CPU.Build.0 = Debug|Any CPU
		{4C79BB48-48EC-4312-AD77-0C8B1465ACC0}.Release|Any CPU.ActiveCfg = Release|Any CPU
		{4C79BB48-48EC-4312-AD77-0C8B1465ACC0}.Release|Any CPU.Build.0 = Release|Any CPU
		{35F69F65-B549-4717-8E33-0596F04D29FE}.Debug|Any CPU.ActiveCfg = Debug|Any CPU
		{35F69F65-B549-4717-8E33-0596F04D29FE}.Debug|Any CPU.Build.0 = Debug|Any CPU
		{35F69F65-B549-4717-8E33-0596F04D29FE}.Release|Any CPU.ActiveCfg = Release|Any CPU
		{35F69F65-B549-4717-8E33-0596F04D29FE}.Release|Any CPU.Build.0 = Release|Any CPU
		{ACB0726B-A060-46C9-8CB8-DC4EEC372C2D}.Debug|Any CPU.ActiveCfg = Debug|Any CPU
		{ACB0726B-A060-46C9-8CB8-DC4EEC372C2D}.Debug|Any CPU.Build.0 = Debug|Any CPU
		{ACB0726B-A060-46C9-8CB8-DC4EEC372C2D}.Release|Any CPU.ActiveCfg = Release|Any CPU
		{ACB0726B-A060-46C9-8CB8-DC4EEC372C2D}.Release|Any CPU.Build.0 = Release|Any CPU
	EndGlobalSection
	GlobalSection(SolutionProperties) = preSolution
		HideSolutionNode = FALSE
	EndGlobalSection
EndGlobal
