
Microsoft Visual Studio Solution File, Format Version 12.00
# Visual Studio 14
VisualStudioVersion = 14.0.25123.0
MinimumVisualStudioVersion = 10.0.40219.1
Project("{FAE04EC0-301F-11D3-BF4B-00C04F79EFBC}") = "SimUDuck.Implementation", "SimUDuck.Implementation\SimUDuck.Implementation.csproj", "{525D9063-5203-434A-9A17-EEC173DD6065}"
EndProject
Project("{FAE04EC0-301F-11D3-BF4B-00C04F79EFBC}") = "SimUDuck", "SimUDuck\SimUDuck.csproj", "{1447B28E-2226-4CF0-951D-70FC4FC66B07}"
EndProject
Global
	GlobalSection(SolutionConfigurationPlatforms) = preSolution
		Debug|Any CPU = Debug|Any CPU
		Release|Any CPU = Release|Any CPU
	EndGlobalSection
	GlobalSection(ProjectConfigurationPlatforms) = postSolution
		{525D9063-5203-434A-9A17-EEC173DD6065}.Debug|Any CPU.ActiveCfg = Debug|Any CPU
		{525D9063-5203-434A-9A17-EEC173DD6065}.Debug|Any CPU.Build.0 = Debug|Any CPU
		{525D9063-5203-434A-9A17-EEC173DD6065}.Release|Any CPU.ActiveCfg = Release|Any CPU
		{525D9063-5203-434A-9A17-EEC173DD6065}.Release|Any CPU.Build.0 = Release|Any CPU
		{1447B28E-2226-4CF0-951D-70FC4FC66B07}.Debug|Any CPU.ActiveCfg = Debug|Any CPU
		{1447B28E-2226-4CF0-951D-70FC4FC66B07}.Debug|Any CPU.Build.0 = Debug|Any CPU
		{1447B28E-2226-4CF0-951D-70FC4FC66B07}.Release|Any CPU.ActiveCfg = Release|Any CPU
		{1447B28E-2226-4CF0-951D-70FC4FC66B07}.Release|Any CPU.Build.0 = Release|Any CPU
	EndGlobalSection
	GlobalSection(SolutionProperties) = preSolution
		HideSolutionNode = FALSE
	EndGlobalSection
EndGlobal
